// !$*UTF8*$!
{
	archiveVersion = 1;
	classes = {
	};
	objectVersion = 46;
	objects = {

/* Begin PBXAggregateTarget section */
		F85209EBE72EC7A109760723 /* pitchShift - All */ = {
			isa = PBXAggregateTarget;
			buildConfigurationList = 3C9EE03EBC8AAEA811E09B68;
			buildPhases = (
			);
			dependencies = (
				5D6CE4581DE8DA73A5D7C9CE,
				558F0C897D0B60F8B51F5624,
				4678377B0A3EC51C268E0A3F,
				B1DCB84E6FBB47C4AC3BEC11,
				9590B6EA23F5A53FEEF7E27C,
			);
			name = "pitchShift - All";
			productName = pitchShift;
		};
/* End PBXAggregateTarget section */

/* Begin PBXBuildFile section */
		025E98C70B5BE8137FCADCBD /* include_juce_audio_plugin_client_ARA.cpp */ = {isa = PBXBuildFile; fileRef = B0F2557A1AEAD6E8463D71FA; };
		0DBB4DF29FD8CB194641299B /* MetalKit.framework */ = {isa = PBXBuildFile; fileRef = F3C8946FE6ED5A8A93B996DA; settings = { ATTRIBUTES = (Weak, ); }; };
		14A55802A6C525BD4D84FA65 /* Accelerate.framework */ = {isa = PBXBuildFile; fileRef = C2D950D00CC64A7258E35D53; };
		15F687D37FE38C340C52B750 /* AU */ = {isa = PBXBuildFile; fileRef = 29E1DD1850A0456B254D4F7E; };
		18C4DEEE50C07CCB436CBD9B /* include_juce_core.mm */ = {isa = PBXBuildFile; fileRef = 1AFDCE48E1C948E318991E01; };
		2D4030348729240778372A16 /* include_juce_audio_plugin_client_VST3.mm */ = {isa = PBXBuildFile; fileRef = 4934D3DD61307FA79A9DE440; };
		34AF9447D11CABBAF98D7460 /* stft.cpp */ = {isa = PBXBuildFile; fileRef = 8EFFA7FD08FD6E7073E23AAA; };
		36F5155D4F12BB930D853E87 /* Cocoa.framework */ = {isa = PBXBuildFile; fileRef = 6BCF47E83DCF0EE3A1852029; };
		373EFD34708132B39609C72E /* include_juce_graphics.mm */ = {isa = PBXBuildFile; fileRef = F0E2DEBF945DA153A82E0856; };
		4691CC3DC1AB97B6B0BA6C2E /* CoreMIDI.framework */ = {isa = PBXBuildFile; fileRef = BDE4BA28BAF7B65DE7192F1A; };
		4A7EC4279A063A3230CDE120 /* include_juce_audio_processors.mm */ = {isa = PBXBuildFile; fileRef = 2FAC234EFF86EE4085B96FBE; };
		4BF92A66B95EEA65078921E9 /* Foundation.framework */ = {isa = PBXBuildFile; fileRef = A5ADA28816DDFA2EA27076B7; };
		59052868E3E2B90F64DB65DB /* CoreAudio.framework */ = {isa = PBXBuildFile; fileRef = D7B4FFC9C55F9F1832BFDA3A; };
		5E63C899EDC1CDCF88063F6D /* include_juce_gui_extra.mm */ = {isa = PBXBuildFile; fileRef = 7D1D7E3BA3D71565E1A9793D; };
		69A7BDBE0F9999843C02F697 /* include_juce_audio_plugin_client_Standalone.cpp */ = {isa = PBXBuildFile; fileRef = E40B98E4BC3B0D8AB3F5C329; };
		7F66AC833DC3E29716E0DCC4 /* include_juce_audio_devices.mm */ = {isa = PBXBuildFile; fileRef = 204B6107047AFA9C111FDB41; };
		805956A3442236661EEC15DA /* include_juce_audio_basics.mm */ = {isa = PBXBuildFile; fileRef = 7DD4F322B6C646AF7A64894B; };
		83BFEFED8BD52DE2E2F21C21 /* IOKit.framework */ = {isa = PBXBuildFile; fileRef = 1A7B06659BF5700239539CDA; };
		8C1B5BB39F077EF834D0B0C1 /* Metal.framework */ = {isa = PBXBuildFile; fileRef = 26919448B56E007559AB30AA; settings = { ATTRIBUTES = (Weak, ); }; };
		8C580A4D417B17411E912DB7 /* RecentFilesMenuTemplate.nib */ = {isa = PBXBuildFile; fileRef = 45A2DAF83C710CD72E7BD3F4; };
		8DFE09FC923671A99FF83FBD /* DiscRecording.framework */ = {isa = PBXBuildFile; fileRef = 51AE3BC411A639CD0FA07422; };
		91D08D0746233C4AE096C38C /* shifter.cpp */ = {isa = PBXBuildFile; fileRef = 593CC43B362648C8E2A15EFC; };
		921EE507B210CA6500AD8106 /* include_juce_audio_processors_lv2_libs.cpp */ = {isa = PBXBuildFile; fileRef = 9696B66B1A073B90BC30B36D; };
		96BE6A5E58DFE9D737C2F038 /* juce_VST3ManifestHelper.mm */ = {isa = PBXBuildFile; fileRef = 38B70158E932DBB83BCBF2E8; settings = { COMPILER_FLAGS = "-std=c++17 -fobjc-arc -w -DJUCE_SKIP_PRECOMPILED_HEADER"; }; };
		99C35297E68124CC64097706 /* PluginEditor.cpp */ = {isa = PBXBuildFile; fileRef = 26C3EA4D5559C7334AB5D574; };
		9ABAE7D93FD7BB9B54CDAC8F /* include_juce_audio_processors_ara.cpp */ = {isa = PBXBuildFile; fileRef = 6B4A2A5C82A5D685D92E1DDD; };
		9C305708A8E847FDF8DA2FA1 /* PluginProcessor.cpp */ = {isa = PBXBuildFile; fileRef = 19E9AF176C6F66A2534D6977; };
		9E88B8FAF36FF2D56CB0DC42 /* include_juce_data_structures.mm */ = {isa = PBXBuildFile; fileRef = 828CADE7939A77ECB0F1516C; };
		9EBF98A9861A8B0E6E0D093E /* AudioUnit.framework */ = {isa = PBXBuildFile; fileRef = 39C381331AFF32CAD9EF23E9; };
		A13A5E44AABD7020FFC66563 /* WebKit.framework */ = {isa = PBXBuildFile; fileRef = BE0218E00C858AC5E779B10F; };
		A86E4FAC0AA825AF7B6FCFBD /* VST3 */ = {isa = PBXBuildFile; fileRef = E71C53B226091DBDCBBDFB63; };
		A94E07916A04F0642321F8C7 /* VocoderTools.cpp */ = {isa = PBXBuildFile; fileRef = AF5E72C63BAEF96B88729095; };
		B6AC05FCEE094F0CE02908E9 /* include_juce_audio_formats.mm */ = {isa = PBXBuildFile; fileRef = F2F302FD0EF5EF0BD862DD8F; };
		B6E5D57E0F09A0026750FCDF /* istft.cpp */ = {isa = PBXBuildFile; fileRef = 16A62A0A29514196C0A9ECFC; };
		BFBF7A79E66AAC3F9951FFF1 /* Security.framework */ = {isa = PBXBuildFile; fileRef = 32C26BBAA87191F8906133B6; };
		C11FAA9855F8B489AF816E51 /* QuartzCore.framework */ = {isa = PBXBuildFile; fileRef = 760C91B8D574749CB2D25FF3; };
		C5E2A885C53BDBC40E3EE3DB /* include_juce_audio_plugin_client_AU_2.mm */ = {isa = PBXBuildFile; fileRef = 7C2CC4701897E9D4AFBD21E0; };
		CDFD7DE22B1231F0F24940C1 /* include_juce_gui_basics.mm */ = {isa = PBXBuildFile; fileRef = 2970CF334692B19599DA7C70; };
		CF778999C5EBFDB3F5B278E3 /* include_juce_audio_plugin_client_AU_1.mm */ = {isa = PBXBuildFile; fileRef = 65014A0452EDE4402DB22F11; };
		D2139EDE153CC4221A5CD967 /* Shared Code */ = {isa = PBXBuildFile; fileRef = 1D302A854430B4CDC8FC60A5; };
		DB90EDB5420913D49DDCE2F9 /* include_juce_events.mm */ = {isa = PBXBuildFile; fileRef = 61A27C132EE98CD2879FA3CB; };
		E677448D10A415C2C323D725 /* include_juce_audio_utils.mm */ = {isa = PBXBuildFile; fileRef = 4B1056868FFC9F9B7A5228CE; };
		ECCC9FA4D3635E62F4170A46 /* VST3 Manifest Helper */ = {isa = PBXBuildFile; fileRef = 4E97BA19D042ED6C09571BC4; };
		F45D0B0A8ADE6AD61C71F156 /* include_juce_dsp.mm */ = {isa = PBXBuildFile; fileRef = B2A7AFB6430747BCF82A3B4E; };
		FA80E6E8CE693984B094496A /* CoreAudioKit.framework */ = {isa = PBXBuildFile; fileRef = BE91E4ACF5547E84150ABEC5; };
		FD4C6BE9AE30ED7280547D0B /* Standalone Plugin */ = {isa = PBXBuildFile; fileRef = 4DAA92E2A46C8597419314AD; };
		FF43DAFAAF2E47452230937E /* AudioToolbox.framework */ = {isa = PBXBuildFile; fileRef = 7BC030D4256C9E529E70A349; };
/* End PBXBuildFile section */

/* Begin PBXFileReference section */
		030921683762241358AF0008 /* shifter.h */ /* shifter.h */ = {isa = PBXFileReference; lastKnownFileType = sourcecode.c.h; name = shifter.h; path = "../../../../../../pitchshifter-master/shifter.h"; sourceTree = SOURCE_ROOT; };
		062B9196F8CA2BB047E315C3 /* juce_data_structures */ /* juce_data_structures */ = {isa = PBXFileReference; lastKnownFileType = folder; name = juce_data_structures; path = /Applications/Juce/modules/juce_data_structures; sourceTree = "<absolute>"; };
		0A81F52FC612FE4D8721D1DD /* JucePluginDefines.h */ /* JucePluginDefines.h */ = {isa = PBXFileReference; lastKnownFileType = sourcecode.c.h; name = JucePluginDefines.h; path = ../../JuceLibraryCode/JucePluginDefines.h; sourceTree = SOURCE_ROOT; };
		16A62A0A29514196C0A9ECFC /* istft.cpp */ /* istft.cpp */ = {isa = PBXFileReference; lastKnownFileType = sourcecode.cpp.cpp; name = istft.cpp; path = "../../../../../../pitchshifter-master/istft.cpp"; sourceTree = SOURCE_ROOT; };
		19E9AF176C6F66A2534D6977 /* PluginProcessor.cpp */ /* PluginProcessor.cpp */ = {isa = PBXFileReference; lastKnownFileType = sourcecode.cpp.cpp; name = PluginProcessor.cpp; path = ../../Source/PluginProcessor.cpp; sourceTree = SOURCE_ROOT; };
		1A7B06659BF5700239539CDA /* IOKit.framework */ /* IOKit.framework */ = {isa = PBXFileReference; lastKnownFileType = wrapper.framework; name = IOKit.framework; path = System/Library/Frameworks/IOKit.framework; sourceTree = SDKROOT; };
		1AFDCE48E1C948E318991E01 /* include_juce_core.mm */ /* include_juce_core.mm */ = {isa = PBXFileReference; lastKnownFileType = sourcecode.cpp.objcpp; name = include_juce_core.mm; path = ../../JuceLibraryCode/include_juce_core.mm; sourceTree = SOURCE_ROOT; };
		1D302A854430B4CDC8FC60A5 /* Shared Code */ = {isa = PBXFileReference; explicitFileType = archive.ar; includeInIndex = 0; path = libpitchShift.a; sourceTree = BUILT_PRODUCTS_DIR; };
		204B6107047AFA9C111FDB41 /* include_juce_audio_devices.mm */ /* include_juce_audio_devices.mm */ = {isa = PBXFileReference; lastKnownFileType = sourcecode.cpp.objcpp; name = include_juce_audio_devices.mm; path = ../../JuceLibraryCode/include_juce_audio_devices.mm; sourceTree = SOURCE_ROOT; };
		23448080BE857FCA5F9ADE7C /* Info-VST3_Manifest_Helper.plist */ /* Info-VST3_Manifest_Helper.plist */ = {isa = PBXFileReference; lastKnownFileType = text.plist.xml; name = "Info-VST3_Manifest_Helper.plist"; path = "Info-VST3_Manifest_Helper.plist"; sourceTree = SOURCE_ROOT; };
		26919448B56E007559AB30AA /* Metal.framework */ /* Metal.framework */ = {isa = PBXFileReference; lastKnownFileType = wrapper.framework; name = Metal.framework; path = System/Library/Frameworks/Metal.framework; sourceTree = SDKROOT; };
		26C3EA4D5559C7334AB5D574 /* PluginEditor.cpp */ /* PluginEditor.cpp */ = {isa = PBXFileReference; lastKnownFileType = sourcecode.cpp.cpp; name = PluginEditor.cpp; path = ../../Source/PluginEditor.cpp; sourceTree = SOURCE_ROOT; };
		2798CF221961D3860D1F59C6 /* stft.h */ /* stft.h */ = {isa = PBXFileReference; lastKnownFileType = sourcecode.c.h; name = stft.h; path = "../../../../../../pitchshifter-master/stft.h"; sourceTree = SOURCE_ROOT; };
		2970CF334692B19599DA7C70 /* include_juce_gui_basics.mm */ /* include_juce_gui_basics.mm */ = {isa = PBXFileReference; lastKnownFileType = sourcecode.cpp.objcpp; name = include_juce_gui_basics.mm; path = ../../JuceLibraryCode/include_juce_gui_basics.mm; sourceTree = SOURCE_ROOT; };
		29E1DD1850A0456B254D4F7E /* AU */ = {isa = PBXFileReference; explicitFileType = wrapper.cfbundle; includeInIndex = 0; path = pitchShift.component; sourceTree = BUILT_PRODUCTS_DIR; };
		2FAC234EFF86EE4085B96FBE /* include_juce_audio_processors.mm */ /* include_juce_audio_processors.mm */ = {isa = PBXFileReference; lastKnownFileType = sourcecode.cpp.objcpp; name = include_juce_audio_processors.mm; path = ../../JuceLibraryCode/include_juce_audio_processors.mm; sourceTree = SOURCE_ROOT; };
		32C26BBAA87191F8906133B6 /* Security.framework */ /* Security.framework */ = {isa = PBXFileReference; lastKnownFileType = wrapper.framework; name = Security.framework; path = System/Library/Frameworks/Security.framework; sourceTree = SDKROOT; };
		38B70158E932DBB83BCBF2E8 /* juce_VST3ManifestHelper.mm */ /* juce_VST3ManifestHelper.mm */ = {isa = PBXFileReference; lastKnownFileType = sourcecode.cpp.objcpp; name = juce_VST3ManifestHelper.mm; path = /Applications/Juce/modules/juce_audio_plugin_client/VST3/juce_VST3ManifestHelper.mm; sourceTree = "<absolute>"; };
		39C381331AFF32CAD9EF23E9 /* AudioUnit.framework */ /* AudioUnit.framework */ = {isa = PBXFileReference; lastKnownFileType = wrapper.framework; name = AudioUnit.framework; path = System/Library/Frameworks/AudioUnit.framework; sourceTree = SDKROOT; };
		3D00F3528A5D68D2AF3D4D84 /* juce_gui_extra */ /* juce_gui_extra */ = {isa = PBXFileReference; lastKnownFileType = folder; name = juce_gui_extra; path = /Applications/Juce/modules/juce_gui_extra; sourceTree = "<absolute>"; };
		3D2982B57D074F7E70362BE6 /* Info-Standalone_Plugin.plist */ /* Info-Standalone_Plugin.plist */ = {isa = PBXFileReference; lastKnownFileType = text.plist.xml; name = "Info-Standalone_Plugin.plist"; path = "Info-Standalone_Plugin.plist"; sourceTree = SOURCE_ROOT; };
		45A2DAF83C710CD72E7BD3F4 /* RecentFilesMenuTemplate.nib */ /* RecentFilesMenuTemplate.nib */ = {isa = PBXFileReference; lastKnownFileType = file.nib; name = RecentFilesMenuTemplate.nib; path = RecentFilesMenuTemplate.nib; sourceTree = SOURCE_ROOT; };
		480E00BBBBF6BA5BEFA6C2B9 /* juce_audio_plugin_client */ /* juce_audio_plugin_client */ = {isa = PBXFileReference; lastKnownFileType = folder; name = juce_audio_plugin_client; path = /Applications/Juce/modules/juce_audio_plugin_client; sourceTree = "<absolute>"; };
		4934D3DD61307FA79A9DE440 /* include_juce_audio_plugin_client_VST3.mm */ /* include_juce_audio_plugin_client_VST3.mm */ = {isa = PBXFileReference; lastKnownFileType = sourcecode.cpp.objcpp; name = include_juce_audio_plugin_client_VST3.mm; path = ../../JuceLibraryCode/include_juce_audio_plugin_client_VST3.mm; sourceTree = SOURCE_ROOT; };
		4B1056868FFC9F9B7A5228CE /* include_juce_audio_utils.mm */ /* include_juce_audio_utils.mm */ = {isa = PBXFileReference; lastKnownFileType = sourcecode.cpp.objcpp; name = include_juce_audio_utils.mm; path = ../../JuceLibraryCode/include_juce_audio_utils.mm; sourceTree = SOURCE_ROOT; };
		4BB88E872313DE7967D3013E /* VocoderTools.h */ /* VocoderTools.h */ = {isa = PBXFileReference; lastKnownFileType = sourcecode.c.h; name = VocoderTools.h; path = "../../../../../../pitchshifter-master/VocoderTools.h"; sourceTree = SOURCE_ROOT; };
		4DAA92E2A46C8597419314AD /* Standalone Plugin */ = {isa = PBXFileReference; explicitFileType = wrapper.application; includeInIndex = 0; path = pitchShift.app; sourceTree = BUILT_PRODUCTS_DIR; };
		4E855F6DFF5A483C46E8BDCC /* juce_audio_utils */ /* juce_audio_utils */ = {isa = PBXFileReference; lastKnownFileType = folder; name = juce_audio_utils; path = /Applications/Juce/modules/juce_audio_utils; sourceTree = "<absolute>"; };
		4E97BA19D042ED6C09571BC4 /* VST3 Manifest Helper */ = {isa = PBXFileReference; explicitFileType = "compiled.mach-o.executable"; includeInIndex = 0; path = juce_vst3_helper; sourceTree = BUILT_PRODUCTS_DIR; };
		50F12FF41854F316AB8B013E /* juce_dsp */ /* juce_dsp */ = {isa = PBXFileReference; lastKnownFileType = folder; name = juce_dsp; path = /Applications/Juce/modules/juce_dsp; sourceTree = "<absolute>"; };
		51AE3BC411A639CD0FA07422 /* DiscRecording.framework */ /* DiscRecording.framework */ = {isa = PBXFileReference; lastKnownFileType = wrapper.framework; name = DiscRecording.framework; path = System/Library/Frameworks/DiscRecording.framework; sourceTree = SDKROOT; };
		54C99E6EC2662C671E8CF15B /* juce_audio_processors */ /* juce_audio_processors */ = {isa = PBXFileReference; lastKnownFileType = folder; name = juce_audio_processors; path = /Applications/Juce/modules/juce_audio_processors; sourceTree = "<absolute>"; };
		593CC43B362648C8E2A15EFC /* shifter.cpp */ /* shifter.cpp */ = {isa = PBXFileReference; lastKnownFileType = sourcecode.cpp.cpp; name = shifter.cpp; path = "../../../../../../pitchshifter-master/shifter.cpp"; sourceTree = SOURCE_ROOT; };
		61856D1BB7DFDB6AB70FAF9B /* juce_audio_devices */ /* juce_audio_devices */ = {isa = PBXFileReference; lastKnownFileType = folder; name = juce_audio_devices; path = /Applications/Juce/modules/juce_audio_devices; sourceTree = "<absolute>"; };
		61A27C132EE98CD2879FA3CB /* include_juce_events.mm */ /* include_juce_events.mm */ = {isa = PBXFileReference; lastKnownFileType = sourcecode.cpp.objcpp; name = include_juce_events.mm; path = ../../JuceLibraryCode/include_juce_events.mm; sourceTree = SOURCE_ROOT; };
		61DD1EECDC8B584C20749A1E /* juce_gui_basics */ /* juce_gui_basics */ = {isa = PBXFileReference; lastKnownFileType = folder; name = juce_gui_basics; path = /Applications/Juce/modules/juce_gui_basics; sourceTree = "<absolute>"; };
		65014A0452EDE4402DB22F11 /* include_juce_audio_plugin_client_AU_1.mm */ /* include_juce_audio_plugin_client_AU_1.mm */ = {isa = PBXFileReference; lastKnownFileType = sourcecode.cpp.objcpp; name = include_juce_audio_plugin_client_AU_1.mm; path = ../../JuceLibraryCode/include_juce_audio_plugin_client_AU_1.mm; sourceTree = SOURCE_ROOT; };
		6B4A2A5C82A5D685D92E1DDD /* include_juce_audio_processors_ara.cpp */ /* include_juce_audio_processors_ara.cpp */ = {isa = PBXFileReference; lastKnownFileType = sourcecode.cpp.cpp; name = include_juce_audio_processors_ara.cpp; path = ../../JuceLibraryCode/include_juce_audio_processors_ara.cpp; sourceTree = SOURCE_ROOT; };
		6BCF47E83DCF0EE3A1852029 /* Cocoa.framework */ /* Cocoa.framework */ = {isa = PBXFileReference; lastKnownFileType = wrapper.framework; name = Cocoa.framework; path = System/Library/Frameworks/Cocoa.framework; sourceTree = SDKROOT; };
		760C91B8D574749CB2D25FF3 /* QuartzCore.framework */ /* QuartzCore.framework */ = {isa = PBXFileReference; lastKnownFileType = wrapper.framework; name = QuartzCore.framework; path = System/Library/Frameworks/QuartzCore.framework; sourceTree = SDKROOT; };
		7BC030D4256C9E529E70A349 /* AudioToolbox.framework */ /* AudioToolbox.framework */ = {isa = PBXFileReference; lastKnownFileType = wrapper.framework; name = AudioToolbox.framework; path = System/Library/Frameworks/AudioToolbox.framework; sourceTree = SDKROOT; };
		7C2CC4701897E9D4AFBD21E0 /* include_juce_audio_plugin_client_AU_2.mm */ /* include_juce_audio_plugin_client_AU_2.mm */ = {isa = PBXFileReference; lastKnownFileType = sourcecode.cpp.objcpp; name = include_juce_audio_plugin_client_AU_2.mm; path = ../../JuceLibraryCode/include_juce_audio_plugin_client_AU_2.mm; sourceTree = SOURCE_ROOT; };
		7D1D7E3BA3D71565E1A9793D /* include_juce_gui_extra.mm */ /* include_juce_gui_extra.mm */ = {isa = PBXFileReference; lastKnownFileType = sourcecode.cpp.objcpp; name = include_juce_gui_extra.mm; path = ../../JuceLibraryCode/include_juce_gui_extra.mm; sourceTree = SOURCE_ROOT; };
		7DD4F322B6C646AF7A64894B /* include_juce_audio_basics.mm */ /* include_juce_audio_basics.mm */ = {isa = PBXFileReference; lastKnownFileType = sourcecode.cpp.objcpp; name = include_juce_audio_basics.mm; path = ../../JuceLibraryCode/include_juce_audio_basics.mm; sourceTree = SOURCE_ROOT; };
		828CADE7939A77ECB0F1516C /* include_juce_data_structures.mm */ /* include_juce_data_structures.mm */ = {isa = PBXFileReference; lastKnownFileType = sourcecode.cpp.objcpp; name = include_juce_data_structures.mm; path = ../../JuceLibraryCode/include_juce_data_structures.mm; sourceTree = SOURCE_ROOT; };
		8EFFA7FD08FD6E7073E23AAA /* stft.cpp */ /* stft.cpp */ = {isa = PBXFileReference; lastKnownFileType = sourcecode.cpp.cpp; name = stft.cpp; path = "../../../../../../pitchshifter-master/stft.cpp"; sourceTree = SOURCE_ROOT; };
		8F421E64CB508750E46EEEBB /* PluginProcessor.h */ /* PluginProcessor.h */ = {isa = PBXFileReference; lastKnownFileType = sourcecode.c.h; name = PluginProcessor.h; path = ../../Source/PluginProcessor.h; sourceTree = SOURCE_ROOT; };
		9613B9D62C2E9FB6C76D382A /* Info-VST3.plist */ /* Info-VST3.plist */ = {isa = PBXFileReference; lastKnownFileType = text.plist.xml; name = "Info-VST3.plist"; path = "Info-VST3.plist"; sourceTree = SOURCE_ROOT; };
		9696B66B1A073B90BC30B36D /* include_juce_audio_processors_lv2_libs.cpp */ /* include_juce_audio_processors_lv2_libs.cpp */ = {isa = PBXFileReference; lastKnownFileType = sourcecode.cpp.cpp; name = include_juce_audio_processors_lv2_libs.cpp; path = ../../JuceLibraryCode/include_juce_audio_processors_lv2_libs.cpp; sourceTree = SOURCE_ROOT; };
		9C8094B02B5BE2DF1EC7F6C9 /* juce_core */ /* juce_core */ = {isa = PBXFileReference; lastKnownFileType = folder; name = juce_core; path = /Applications/Juce/modules/juce_core; sourceTree = "<absolute>"; };
		9DB1E6ED108B53F3C9373D9C /* juce_audio_formats */ /* juce_audio_formats */ = {isa = PBXFileReference; lastKnownFileType = folder; name = juce_audio_formats; path = /Applications/Juce/modules/juce_audio_formats; sourceTree = "<absolute>"; };
		A5ADA28816DDFA2EA27076B7 /* Foundation.framework */ /* Foundation.framework */ = {isa = PBXFileReference; lastKnownFileType = wrapper.framework; name = Foundation.framework; path = System/Library/Frameworks/Foundation.framework; sourceTree = SDKROOT; };
		AF5E72C63BAEF96B88729095 /* VocoderTools.cpp */ /* VocoderTools.cpp */ = {isa = PBXFileReference; lastKnownFileType = sourcecode.cpp.cpp; name = VocoderTools.cpp; path = "../../../../../../pitchshifter-master/VocoderTools.cpp"; sourceTree = SOURCE_ROOT; };
		B0F2557A1AEAD6E8463D71FA /* include_juce_audio_plugin_client_ARA.cpp */ /* include_juce_audio_plugin_client_ARA.cpp */ = {isa = PBXFileReference; lastKnownFileType = sourcecode.cpp.cpp; name = include_juce_audio_plugin_client_ARA.cpp; path = ../../JuceLibraryCode/include_juce_audio_plugin_client_ARA.cpp; sourceTree = SOURCE_ROOT; };
		B2A7AFB6430747BCF82A3B4E /* include_juce_dsp.mm */ /* include_juce_dsp.mm */ = {isa = PBXFileReference; lastKnownFileType = sourcecode.cpp.objcpp; name = include_juce_dsp.mm; path = ../../JuceLibraryCode/include_juce_dsp.mm; sourceTree = SOURCE_ROOT; };
		BDE4BA28BAF7B65DE7192F1A /* CoreMIDI.framework */ /* CoreMIDI.framework */ = {isa = PBXFileReference; lastKnownFileType = wrapper.framework; name = CoreMIDI.framework; path = System/Library/Frameworks/CoreMIDI.framework; sourceTree = SDKROOT; };
		BE0218E00C858AC5E779B10F /* WebKit.framework */ /* WebKit.framework */ = {isa = PBXFileReference; lastKnownFileType = wrapper.framework; name = WebKit.framework; path = System/Library/Frameworks/WebKit.framework; sourceTree = SDKROOT; };
		BE91E4ACF5547E84150ABEC5 /* CoreAudioKit.framework */ /* CoreAudioKit.framework */ = {isa = PBXFileReference; lastKnownFileType = wrapper.framework; name = CoreAudioKit.framework; path = System/Library/Frameworks/CoreAudioKit.framework; sourceTree = SDKROOT; };
		BEB2BD1979A933E088BA5428 /* JuceHeader.h */ /* JuceHeader.h */ = {isa = PBXFileReference; lastKnownFileType = sourcecode.c.h; name = JuceHeader.h; path = ../../JuceLibraryCode/JuceHeader.h; sourceTree = SOURCE_ROOT; };
		C2D950D00CC64A7258E35D53 /* Accelerate.framework */ /* Accelerate.framework */ = {isa = PBXFileReference; lastKnownFileType = wrapper.framework; name = Accelerate.framework; path = System/Library/Frameworks/Accelerate.framework; sourceTree = SDKROOT; };
		D7B4FFC9C55F9F1832BFDA3A /* CoreAudio.framework */ /* CoreAudio.framework */ = {isa = PBXFileReference; lastKnownFileType = wrapper.framework; name = CoreAudio.framework; path = System/Library/Frameworks/CoreAudio.framework; sourceTree = SDKROOT; };
		DA578DB7BDD8F686B7A8AD63 /* Info-AU.plist */ /* Info-AU.plist */ = {isa = PBXFileReference; lastKnownFileType = text.plist.xml; name = "Info-AU.plist"; path = "Info-AU.plist"; sourceTree = SOURCE_ROOT; };
		DD72969439D2033D51AF7E49 /* juce_events */ /* juce_events */ = {isa = PBXFileReference; lastKnownFileType = folder; name = juce_events; path = /Applications/Juce/modules/juce_events; sourceTree = "<absolute>"; };
		E40B98E4BC3B0D8AB3F5C329 /* include_juce_audio_plugin_client_Standalone.cpp */ /* include_juce_audio_plugin_client_Standalone.cpp */ = {isa = PBXFileReference; lastKnownFileType = sourcecode.cpp.cpp; name = include_juce_audio_plugin_client_Standalone.cpp; path = ../../JuceLibraryCode/include_juce_audio_plugin_client_Standalone.cpp; sourceTree = SOURCE_ROOT; };
		E71C53B226091DBDCBBDFB63 /* VST3 */ = {isa = PBXFileReference; explicitFileType = wrapper.cfbundle; includeInIndex = 0; path = pitchShift.vst3; sourceTree = BUILT_PRODUCTS_DIR; };
		F0E2DEBF945DA153A82E0856 /* include_juce_graphics.mm */ /* include_juce_graphics.mm */ = {isa = PBXFileReference; lastKnownFileType = sourcecode.cpp.objcpp; name = include_juce_graphics.mm; path = ../../JuceLibraryCode/include_juce_graphics.mm; sourceTree = SOURCE_ROOT; };
		F2F302FD0EF5EF0BD862DD8F /* include_juce_audio_formats.mm */ /* include_juce_audio_formats.mm */ = {isa = PBXFileReference; lastKnownFileType = sourcecode.cpp.objcpp; name = include_juce_audio_formats.mm; path = ../../JuceLibraryCode/include_juce_audio_formats.mm; sourceTree = SOURCE_ROOT; };
		F3C2009841EDBBE054740238 /* PluginEditor.h */ /* PluginEditor.h */ = {isa = PBXFileReference; lastKnownFileType = sourcecode.c.h; name = PluginEditor.h; path = ../../Source/PluginEditor.h; sourceTree = SOURCE_ROOT; };
		F3C8946FE6ED5A8A93B996DA /* MetalKit.framework */ /* MetalKit.framework */ = {isa = PBXFileReference; lastKnownFileType = wrapper.framework; name = MetalKit.framework; path = System/Library/Frameworks/MetalKit.framework; sourceTree = SDKROOT; };
		F66C7B5ABC2DF330595CAD21 /* juce_graphics */ /* juce_graphics */ = {isa = PBXFileReference; lastKnownFileType = folder; name = juce_graphics; path = /Applications/Juce/modules/juce_graphics; sourceTree = "<absolute>"; };
		F997B30EFCBF033FF0F0934E /* istft.h */ /* istft.h */ = {isa = PBXFileReference; lastKnownFileType = sourcecode.c.h; name = istft.h; path = "../../../../../../pitchshifter-master/istft.h"; sourceTree = SOURCE_ROOT; };
		FEEA84EDD68CCA1092802385 /* juce_audio_basics */ /* juce_audio_basics */ = {isa = PBXFileReference; lastKnownFileType = folder; name = juce_audio_basics; path = /Applications/Juce/modules/juce_audio_basics; sourceTree = "<absolute>"; };
/* End PBXFileReference section */

/* Begin PBXFrameworksBuildPhase section */
		31D42C83612A3A60E788A273 = {
			isa = PBXFrameworksBuildPhase;
			buildActionMask = 2147483647;
			files = (
				14A55802A6C525BD4D84FA65,
				FF43DAFAAF2E47452230937E,
				36F5155D4F12BB930D853E87,
				59052868E3E2B90F64DB65DB,
				FA80E6E8CE693984B094496A,
				4691CC3DC1AB97B6B0BA6C2E,
				8DFE09FC923671A99FF83FBD,
				4BF92A66B95EEA65078921E9,
				83BFEFED8BD52DE2E2F21C21,
				C11FAA9855F8B489AF816E51,
				BFBF7A79E66AAC3F9951FFF1,
				A13A5E44AABD7020FFC66563,
				8C1B5BB39F077EF834D0B0C1,
				0DBB4DF29FD8CB194641299B,
			);
			runOnlyForDeploymentPostprocessing = 0;
		};
		5E413D860EF5377A10E5FDC3 = {
			isa = PBXFrameworksBuildPhase;
			buildActionMask = 2147483647;
			files = (
				14A55802A6C525BD4D84FA65,
				FF43DAFAAF2E47452230937E,
				36F5155D4F12BB930D853E87,
				59052868E3E2B90F64DB65DB,
				FA80E6E8CE693984B094496A,
				4691CC3DC1AB97B6B0BA6C2E,
				8DFE09FC923671A99FF83FBD,
				4BF92A66B95EEA65078921E9,
				83BFEFED8BD52DE2E2F21C21,
				C11FAA9855F8B489AF816E51,
				BFBF7A79E66AAC3F9951FFF1,
				A13A5E44AABD7020FFC66563,
				8C1B5BB39F077EF834D0B0C1,
				0DBB4DF29FD8CB194641299B,
			);
			runOnlyForDeploymentPostprocessing = 0;
		};
		7AFE45A5ABC88CB8BE5A1D9D = {
			isa = PBXFrameworksBuildPhase;
			buildActionMask = 2147483647;
			files = (
				14A55802A6C525BD4D84FA65,
				FF43DAFAAF2E47452230937E,
				36F5155D4F12BB930D853E87,
				59052868E3E2B90F64DB65DB,
				FA80E6E8CE693984B094496A,
				4691CC3DC1AB97B6B0BA6C2E,
				8DFE09FC923671A99FF83FBD,
				4BF92A66B95EEA65078921E9,
				83BFEFED8BD52DE2E2F21C21,
				C11FAA9855F8B489AF816E51,
				BFBF7A79E66AAC3F9951FFF1,
				A13A5E44AABD7020FFC66563,
				8C1B5BB39F077EF834D0B0C1,
				0DBB4DF29FD8CB194641299B,
			);
			runOnlyForDeploymentPostprocessing = 0;
		};
		927357453927E6B83ECF1F72 = {
			isa = PBXFrameworksBuildPhase;
			buildActionMask = 2147483647;
			files = (
				9EBF98A9861A8B0E6E0D093E,
				14A55802A6C525BD4D84FA65,
				FF43DAFAAF2E47452230937E,
				36F5155D4F12BB930D853E87,
				59052868E3E2B90F64DB65DB,
				FA80E6E8CE693984B094496A,
				4691CC3DC1AB97B6B0BA6C2E,
				8DFE09FC923671A99FF83FBD,
				4BF92A66B95EEA65078921E9,
				83BFEFED8BD52DE2E2F21C21,
				C11FAA9855F8B489AF816E51,
				BFBF7A79E66AAC3F9951FFF1,
				A13A5E44AABD7020FFC66563,
				8C1B5BB39F077EF834D0B0C1,
				0DBB4DF29FD8CB194641299B,
			);
			runOnlyForDeploymentPostprocessing = 0;
		};
/* End PBXFrameworksBuildPhase section */

/* Begin PBXGroup section */
		2BF66BB7650C3A15F834A059 /* JUCE Modules */ = {
			isa = PBXGroup;
			children = (
				FEEA84EDD68CCA1092802385,
				61856D1BB7DFDB6AB70FAF9B,
				9DB1E6ED108B53F3C9373D9C,
				480E00BBBBF6BA5BEFA6C2B9,
				54C99E6EC2662C671E8CF15B,
				4E855F6DFF5A483C46E8BDCC,
				9C8094B02B5BE2DF1EC7F6C9,
				062B9196F8CA2BB047E315C3,
				50F12FF41854F316AB8B013E,
				DD72969439D2033D51AF7E49,
				F66C7B5ABC2DF330595CAD21,
				61DD1EECDC8B584C20749A1E,
				3D00F3528A5D68D2AF3D4D84,
			);
			name = "JUCE Modules";
			sourceTree = "<group>";
		};
		53C3F13C20D18B34D6C91251 /* Resources */ = {
			isa = PBXGroup;
			children = (
				9613B9D62C2E9FB6C76D382A,
				DA578DB7BDD8F686B7A8AD63,
				3D2982B57D074F7E70362BE6,
				23448080BE857FCA5F9ADE7C,
				45A2DAF83C710CD72E7BD3F4,
			);
			name = Resources;
			sourceTree = "<group>";
		};
		6C897541D0EDE02853E8CE3D /* JUCE Library Code */ = {
			isa = PBXGroup;
			children = (
				7DD4F322B6C646AF7A64894B,
				204B6107047AFA9C111FDB41,
				F2F302FD0EF5EF0BD862DD8F,
				B0F2557A1AEAD6E8463D71FA,
				65014A0452EDE4402DB22F11,
				7C2CC4701897E9D4AFBD21E0,
				E40B98E4BC3B0D8AB3F5C329,
				4934D3DD61307FA79A9DE440,
				2FAC234EFF86EE4085B96FBE,
				6B4A2A5C82A5D685D92E1DDD,
				9696B66B1A073B90BC30B36D,
				4B1056868FFC9F9B7A5228CE,
				1AFDCE48E1C948E318991E01,
				828CADE7939A77ECB0F1516C,
				B2A7AFB6430747BCF82A3B4E,
				61A27C132EE98CD2879FA3CB,
				F0E2DEBF945DA153A82E0856,
				2970CF334692B19599DA7C70,
				7D1D7E3BA3D71565E1A9793D,
				BEB2BD1979A933E088BA5428,
				0A81F52FC612FE4D8721D1DD,
			);
			name = "JUCE Library Code";
			sourceTree = "<group>";
		};
		6DDF0AE9C5200EFD81AFC550 /* Frameworks */ = {
			isa = PBXGroup;
			children = (
				39C381331AFF32CAD9EF23E9,
				C2D950D00CC64A7258E35D53,
				7BC030D4256C9E529E70A349,
				6BCF47E83DCF0EE3A1852029,
				D7B4FFC9C55F9F1832BFDA3A,
				BE91E4ACF5547E84150ABEC5,
				BDE4BA28BAF7B65DE7192F1A,
				51AE3BC411A639CD0FA07422,
				A5ADA28816DDFA2EA27076B7,
				1A7B06659BF5700239539CDA,
				760C91B8D574749CB2D25FF3,
				32C26BBAA87191F8906133B6,
				BE0218E00C858AC5E779B10F,
				26919448B56E007559AB30AA,
				F3C8946FE6ED5A8A93B996DA,
			);
			name = Frameworks;
			sourceTree = "<group>";
		};
		869D53782AA1FD8CF68F5ED4 /* pitchShift */ = {
			isa = PBXGroup;
			children = (
				C2D36E1FB154B531B9628E4E,
			);
			name = pitchShift;
			sourceTree = "<group>";
		};
		C2D36E1FB154B531B9628E4E /* Source */ = {
			isa = PBXGroup;
			children = (
				16A62A0A29514196C0A9ECFC,
				F997B30EFCBF033FF0F0934E,
				AF5E72C63BAEF96B88729095,
				4BB88E872313DE7967D3013E,
				2798CF221961D3860D1F59C6,
				593CC43B362648C8E2A15EFC,
				8EFFA7FD08FD6E7073E23AAA,
				030921683762241358AF0008,
				19E9AF176C6F66A2534D6977,
				8F421E64CB508750E46EEEBB,
				26C3EA4D5559C7334AB5D574,
				F3C2009841EDBBE054740238,
			);
			name = Source;
			sourceTree = "<group>";
		};
		C8E04B69C574EDD4CC9992AB /* Source */ = {
			isa = PBXGroup;
			children = (
				869D53782AA1FD8CF68F5ED4,
				2BF66BB7650C3A15F834A059,
				6C897541D0EDE02853E8CE3D,
				53C3F13C20D18B34D6C91251,
				6DDF0AE9C5200EFD81AFC550,
				E56DE9E876752EE10446453D,
			);
			name = Source;
			sourceTree = "<group>";
		};
		E56DE9E876752EE10446453D /* Products */ = {
			isa = PBXGroup;
			children = (
				E71C53B226091DBDCBBDFB63,
				29E1DD1850A0456B254D4F7E,
				4DAA92E2A46C8597419314AD,
				1D302A854430B4CDC8FC60A5,
				4E97BA19D042ED6C09571BC4,
			);
			name = Products;
			sourceTree = "<group>";
		};
/* End PBXGroup section */

/* Begin PBXNativeTarget section */
		1D7891423307F48AE05D9F5B /* pitchShift - Shared Code */ = {
			isa = PBXNativeTarget;
			buildConfigurationList = 3489927D87164C414529621B;
			buildPhases = (
				42655698E7C73905E71F34F0,
			);
			buildRules = (
			);
			dependencies = (
			);
			name = "pitchShift - Shared Code";
			productName = pitchShift;
			productReference = 1D302A854430B4CDC8FC60A5;
			productType = "com.apple.product-type.library.static";
		};
		49194A1416F43EA66EE2A5D0 /* pitchShift - Standalone Plugin */ = {
			isa = PBXNativeTarget;
			buildConfigurationList = 5553896E599E2226A8606769;
			buildPhases = (
				FCE3FAC54F41A1D058188B43,
				5B3262EB9E311CF0AC0284B6,
				5E413D860EF5377A10E5FDC3,
			);
			buildRules = (
			);
			dependencies = (
				98E89A4D4BD742D75947296B,
			);
			name = "pitchShift - Standalone Plugin";
			productName = pitchShift;
			productReference = 4DAA92E2A46C8597419314AD;
			productType = "com.apple.product-type.application";
		};
		4C722CFF3A36E344169C9094 /* pitchShift - VST3 */ = {
			isa = PBXNativeTarget;
			buildConfigurationList = CD1F272DC153F1F3C66C1F42;
			buildPhases = (
				0F7047476332BB5CFC996CA0,
				83735FCB604125EFD08E44AA,
				31D42C83612A3A60E788A273,
				54D7021AABC2D96F0C0E32E1,
				DC3F483664B5E657A3B4F89F,
			);
			buildRules = (
			);
			dependencies = (
				55D66D322BDC3E8D57481F0D,
				026D25C91EA94863947C92E0,
			);
			name = "pitchShift - VST3";
			productName = pitchShift;
			productReference = E71C53B226091DBDCBBDFB63;
			productType = "com.apple.product-type.bundle";
		};
		BD88FAF1C5D9754014F01B6E /* pitchShift - AU */ = {
			isa = PBXNativeTarget;
			buildConfigurationList = FFE07D9A0DA47D50E323587C;
			buildPhases = (
				CA83D7C1A72C8D5B40377CC5,
				E3F0325393A821D73EC8E356,
				927357453927E6B83ECF1F72,
				7DA16948BEAD8308152FDFD5,
			);
			buildRules = (
			);
			dependencies = (
				5F7A8C424B42B2896D0A7F94,
			);
			name = "pitchShift - AU";
			productName = pitchShift;
			productReference = 29E1DD1850A0456B254D4F7E;
			productType = "com.apple.product-type.bundle";
		};
		C0DC72281F8DA4EC0D23A907 /* pitchShift - VST3 Manifest Helper */ = {
			isa = PBXNativeTarget;
			buildConfigurationList = 77603B690E7069BAABC5D0EC;
			buildPhases = (
				7CA70743E5FB356842802A9D,
				7AFE45A5ABC88CB8BE5A1D9D,
			);
			buildRules = (
			);
			dependencies = (
			);
			name = "pitchShift - VST3 Manifest Helper";
			productName = pitchShift;
			productReference = 4E97BA19D042ED6C09571BC4;
			productType = "com.apple.product-type.tool";
		};
/* End PBXNativeTarget section */

/* Begin PBXProject section */
		D1790EEF88A4E863BFC3D6DA = {
			isa = PBXProject;
			attributes = {
				BuildIndependentTargetsInParallel = YES;
				LastUpgradeCheck = 1340;
				ORGANIZATIONNAME = "";
				TargetAttributes = {
					1D7891423307F48AE05D9F5B = {
						SystemCapabilities = {
							com.apple.ApplicationGroups.iOS = {
								enabled = 0;
							};
							com.apple.HardenedRuntime = {
								enabled = 0;
							};
							com.apple.InAppPurchase = {
								enabled = 0;
							};
							com.apple.InterAppAudio = {
								enabled = 0;
							};
							com.apple.Push = {
								enabled = 0;
							};
							com.apple.Sandbox = {
								enabled = 0;
							};
						};
					};
					49194A1416F43EA66EE2A5D0 = {
						SystemCapabilities = {
							com.apple.ApplicationGroups.iOS = {
								enabled = 0;
							};
							com.apple.HardenedRuntime = {
								enabled = 0;
							};
							com.apple.InAppPurchase = {
								enabled = 0;
							};
							com.apple.InterAppAudio = {
								enabled = 0;
							};
							com.apple.Push = {
								enabled = 0;
							};
							com.apple.Sandbox = {
								enabled = 0;
							};
						};
					};
					4C722CFF3A36E344169C9094 = {
						SystemCapabilities = {
							com.apple.ApplicationGroups.iOS = {
								enabled = 0;
							};
							com.apple.HardenedRuntime = {
								enabled = 0;
							};
							com.apple.InAppPurchase = {
								enabled = 0;
							};
							com.apple.InterAppAudio = {
								enabled = 0;
							};
							com.apple.Push = {
								enabled = 0;
							};
							com.apple.Sandbox = {
								enabled = 0;
							};
						};
					};
					BD88FAF1C5D9754014F01B6E = {
						SystemCapabilities = {
							com.apple.ApplicationGroups.iOS = {
								enabled = 0;
							};
							com.apple.HardenedRuntime = {
								enabled = 0;
							};
							com.apple.InAppPurchase = {
								enabled = 0;
							};
							com.apple.InterAppAudio = {
								enabled = 0;
							};
							com.apple.Push = {
								enabled = 0;
							};
							com.apple.Sandbox = {
								enabled = 0;
							};
						};
					};
					C0DC72281F8DA4EC0D23A907 = {
						SystemCapabilities = {
							com.apple.ApplicationGroups.iOS = {
								enabled = 0;
							};
							com.apple.HardenedRuntime = {
								enabled = 0;
							};
							com.apple.InAppPurchase = {
								enabled = 0;
							};
							com.apple.InterAppAudio = {
								enabled = 0;
							};
							com.apple.Push = {
								enabled = 0;
							};
							com.apple.Sandbox = {
								enabled = 0;
							};
						};
					};
					F85209EBE72EC7A109760723 = {
						SystemCapabilities = {
							com.apple.ApplicationGroups.iOS = {
								enabled = 0;
							};
							com.apple.HardenedRuntime = {
								enabled = 0;
							};
							com.apple.InAppPurchase = {
								enabled = 0;
							};
							com.apple.InterAppAudio = {
								enabled = 0;
							};
							com.apple.Push = {
								enabled = 0;
							};
							com.apple.Sandbox = {
								enabled = 0;
							};
						};
					};
				};
			};
			buildConfigurationList = F48C128397F995186D05831D;
			compatibilityVersion = "Xcode 3.2";
			hasScannedForEncodings = 0;
			knownRegions = (
				en,
				Base,
			);
			mainGroup = C8E04B69C574EDD4CC9992AB;
			projectDirPath = "";
			projectRoot = "";
			targets = (
				F85209EBE72EC7A109760723,
				4C722CFF3A36E344169C9094,
				BD88FAF1C5D9754014F01B6E,
				49194A1416F43EA66EE2A5D0,
				1D7891423307F48AE05D9F5B,
				C0DC72281F8DA4EC0D23A907,
			);
		};
/* End PBXProject section */

/* Begin PBXResourcesBuildPhase section */
		0F7047476332BB5CFC996CA0 = {
			isa = PBXResourcesBuildPhase;
			buildActionMask = 2147483647;
			files = (
				8C580A4D417B17411E912DB7,
			);
			runOnlyForDeploymentPostprocessing = 0;
		};
		CA83D7C1A72C8D5B40377CC5 = {
			isa = PBXResourcesBuildPhase;
			buildActionMask = 2147483647;
			files = (
				8C580A4D417B17411E912DB7,
			);
			runOnlyForDeploymentPostprocessing = 0;
		};
		FCE3FAC54F41A1D058188B43 = {
			isa = PBXResourcesBuildPhase;
			buildActionMask = 2147483647;
			files = (
				8C580A4D417B17411E912DB7,
			);
			runOnlyForDeploymentPostprocessing = 0;
		};
/* End PBXResourcesBuildPhase section */

/* Begin PBXShellScriptBuildPhase section */
		54D7021AABC2D96F0C0E32E1 /* Update manifest */ = {
			isa = PBXShellScriptBuildPhase;
			buildActionMask = 2147483647;
			files = (
			);
			runOnlyForDeploymentPostprocessing = 0;
			name = "Update manifest";
			alwaysOutOfDate = 1;
			shellPath = /bin/sh;
			shellScript = "set -e\nrm -f \"$CONFIGURATION_BUILD_DIR/$FULL_PRODUCT_NAME/Contents/moduleinfo.json\"\n\nxcrun codesign --verify \"$CONFIGURATION_BUILD_DIR/$FULL_PRODUCT_NAME\" || xcrun codesign -f -s - \"$CONFIGURATION_BUILD_DIR/$FULL_PRODUCT_NAME\"\n\"$CONFIGURATION_BUILD_DIR/juce_vst3_helper\" -create -version \"1.0.0\" -path \"$CONFIGURATION_BUILD_DIR/$FULL_PRODUCT_NAME\" -output \"$CONFIGURATION_BUILD_DIR/$FULL_PRODUCT_NAME/Contents/Resources/moduleinfo.json\"\n";
		};
		7DA16948BEAD8308152FDFD5 /* Plugin Copy Step */ = {
			isa = PBXShellScriptBuildPhase;
			buildActionMask = 2147483647;
			files = (
			);
			runOnlyForDeploymentPostprocessing = 0;
			name = "Plugin Copy Step";
			alwaysOutOfDate = 1;
			shellPath = /bin/sh;
			shellScript = "set -e\n\nif test \"$CONFIGURATION\" = \"Debug\"; then :\n\nxcrun codesign --verify \"${TARGET_BUILD_DIR}/${FULL_PRODUCT_NAME}\" || xcrun codesign -f -s - \"${TARGET_BUILD_DIR}/${FULL_PRODUCT_NAME}\"\n\nif [ -e \"$HOME/Library/Audio/Plug-Ins/Components/${FULL_PRODUCT_NAME}\" ]; then :\n  echo \"Destination '$HOME/Library/Audio/Plug-Ins/Components/${FULL_PRODUCT_NAME}' exists, overwriting\"\n  rm -rf \"$HOME/Library/Audio/Plug-Ins/Components/${FULL_PRODUCT_NAME}\"\nfi\nmkdir -p \"$HOME/Library/Audio/Plug-Ins/Components/\"\nln -sfhv \"${TARGET_BUILD_DIR}/${FULL_PRODUCT_NAME}\" \"$HOME/Library/Audio/Plug-Ins/Components/\"\n\nfi\n\n\nif test \"$CONFIGURATION\" = \"Release\"; then :\n\nxcrun codesign --verify \"${TARGET_BUILD_DIR}/${FULL_PRODUCT_NAME}\" || xcrun codesign -f -s - \"${TARGET_BUILD_DIR}/${FULL_PRODUCT_NAME}\"\n\nif [ -e \"$HOME/Library/Audio/Plug-Ins/Components/${FULL_PRODUCT_NAME}\" ]; then :\n  echo \"Destination '$HOME/Library/Audio/Plug-Ins/Components/${FULL_PRODUCT_NAME}' exists, overwriting\"\n  rm -rf \"$HOME/Library/Audio/Plug-Ins/Components/${FULL_PRODUCT_NAME}\"\nfi\nmkdir -p \"$HOME/Library/Audio/Plug-Ins/Components/\"\nln -sfhv \"${TARGET_BUILD_DIR}/${FULL_PRODUCT_NAME}\" \"$HOME/Library/Audio/Plug-Ins/Components/\"\n\nfi\n";
		};
		DC3F483664B5E657A3B4F89F /* Plugin Copy Step */ = {
			isa = PBXShellScriptBuildPhase;
			buildActionMask = 2147483647;
			files = (
			);
			runOnlyForDeploymentPostprocessing = 0;
			name = "Plugin Copy Step";
			alwaysOutOfDate = 1;
			shellPath = /bin/sh;
			shellScript = "set -e\n\nif test \"$CONFIGURATION\" = \"Debug\"; then :\n\nxcrun codesign --verify \"${TARGET_BUILD_DIR}/${FULL_PRODUCT_NAME}\" || xcrun codesign -f -s - \"${TARGET_BUILD_DIR}/${FULL_PRODUCT_NAME}\"\n\nif [ -e \"$HOME/Library/Audio/Plug-Ins/VST3/${FULL_PRODUCT_NAME}\" ]; then :\n  echo \"Destination '$HOME/Library/Audio/Plug-Ins/VST3/${FULL_PRODUCT_NAME}' exists, overwriting\"\n  rm -rf \"$HOME/Library/Audio/Plug-Ins/VST3/${FULL_PRODUCT_NAME}\"\nfi\nmkdir -p \"$HOME/Library/Audio/Plug-Ins/VST3/\"\nln -sfhv \"${TARGET_BUILD_DIR}/${FULL_PRODUCT_NAME}\" \"$HOME/Library/Audio/Plug-Ins/VST3/\"\n\nfi\n\n\nif test \"$CONFIGURATION\" = \"Release\"; then :\n\nxcrun codesign --verify \"${TARGET_BUILD_DIR}/${FULL_PRODUCT_NAME}\" || xcrun codesign -f -s - \"${TARGET_BUILD_DIR}/${FULL_PRODUCT_NAME}\"\n\nif [ -e \"$HOME/Library/Audio/Plug-Ins/VST3/${FULL_PRODUCT_NAME}\" ]; then :\n  echo \"Destination '$HOME/Library/Audio/Plug-Ins/VST3/${FULL_PRODUCT_NAME}' exists, overwriting\"\n  rm -rf \"$HOME/Library/Audio/Plug-Ins/VST3/${FULL_PRODUCT_NAME}\"\nfi\nmkdir -p \"$HOME/Library/Audio/Plug-Ins/VST3/\"\nln -sfhv \"${TARGET_BUILD_DIR}/${FULL_PRODUCT_NAME}\" \"$HOME/Library/Audio/Plug-Ins/VST3/\"\n\nfi\n";
		};
/* End PBXShellScriptBuildPhase section */

/* Begin PBXSourcesBuildPhase section */
		42655698E7C73905E71F34F0 = {
			isa = PBXSourcesBuildPhase;
			buildActionMask = 2147483647;
			files = (
				B6E5D57E0F09A0026750FCDF,
				A94E07916A04F0642321F8C7,
				91D08D0746233C4AE096C38C,
				34AF9447D11CABBAF98D7460,
				9C305708A8E847FDF8DA2FA1,
				99C35297E68124CC64097706,
				805956A3442236661EEC15DA,
				7F66AC833DC3E29716E0DCC4,
				B6AC05FCEE094F0CE02908E9,
				025E98C70B5BE8137FCADCBD,
				4A7EC4279A063A3230CDE120,
				9ABAE7D93FD7BB9B54CDAC8F,
				921EE507B210CA6500AD8106,
				E677448D10A415C2C323D725,
				18C4DEEE50C07CCB436CBD9B,
				9E88B8FAF36FF2D56CB0DC42,
				F45D0B0A8ADE6AD61C71F156,
				DB90EDB5420913D49DDCE2F9,
				373EFD34708132B39609C72E,
				CDFD7DE22B1231F0F24940C1,
				5E63C899EDC1CDCF88063F6D,
			);
			runOnlyForDeploymentPostprocessing = 0;
		};
		5B3262EB9E311CF0AC0284B6 = {
			isa = PBXSourcesBuildPhase;
			buildActionMask = 2147483647;
			files = (
				69A7BDBE0F9999843C02F697,
			);
			runOnlyForDeploymentPostprocessing = 0;
		};
		7CA70743E5FB356842802A9D = {
			isa = PBXSourcesBuildPhase;
			buildActionMask = 2147483647;
			files = (
				96BE6A5E58DFE9D737C2F038,
			);
			runOnlyForDeploymentPostprocessing = 0;
		};
		83735FCB604125EFD08E44AA = {
			isa = PBXSourcesBuildPhase;
			buildActionMask = 2147483647;
			files = (
				2D4030348729240778372A16,
			);
			runOnlyForDeploymentPostprocessing = 0;
		};
		E3F0325393A821D73EC8E356 = {
			isa = PBXSourcesBuildPhase;
			buildActionMask = 2147483647;
			files = (
				CF778999C5EBFDB3F5B278E3,
				C5E2A885C53BDBC40E3EE3DB,
			);
			runOnlyForDeploymentPostprocessing = 0;
		};
/* End PBXSourcesBuildPhase section */

/* Begin PBXTargetDependency section */
		026D25C91EA94863947C92E0 = {
			isa = PBXTargetDependency;
			target = C0DC72281F8DA4EC0D23A907;
		};
		4678377B0A3EC51C268E0A3F = {
			isa = PBXTargetDependency;
			target = 49194A1416F43EA66EE2A5D0;
		};
		558F0C897D0B60F8B51F5624 = {
			isa = PBXTargetDependency;
			target = BD88FAF1C5D9754014F01B6E;
		};
		55D66D322BDC3E8D57481F0D = {
			isa = PBXTargetDependency;
			target = 1D7891423307F48AE05D9F5B;
		};
		5D6CE4581DE8DA73A5D7C9CE = {
			isa = PBXTargetDependency;
			target = 4C722CFF3A36E344169C9094;
		};
		5F7A8C424B42B2896D0A7F94 = {
			isa = PBXTargetDependency;
			target = 1D7891423307F48AE05D9F5B;
		};
		9590B6EA23F5A53FEEF7E27C = {
			isa = PBXTargetDependency;
			target = C0DC72281F8DA4EC0D23A907;
		};
		98E89A4D4BD742D75947296B = {
			isa = PBXTargetDependency;
			target = 1D7891423307F48AE05D9F5B;
		};
		B1DCB84E6FBB47C4AC3BEC11 = {
			isa = PBXTargetDependency;
			target = 1D7891423307F48AE05D9F5B;
		};
/* End PBXTargetDependency section */

/* Begin XCBuildConfiguration section */
		01EE7A54D704E15EB4BA2514 /* Debug */ = {
			isa = XCBuildConfiguration;
			buildSettings = {
				CLANG_CXX_LANGUAGE_STANDARD = "c++17";
				CLANG_CXX_LIBRARY = "libc++";
				CLANG_LINK_OBJC_RUNTIME = NO;
				COMBINE_HIDPI_IMAGES = YES;
				CONFIGURATION_BUILD_DIR = "$(PROJECT_DIR)/build/$(CONFIGURATION)";
				COPY_PHASE_STRIP = NO;
				EXCLUDED_ARCHS = "";
				GCC_DYNAMIC_NO_PIC = NO;
				GCC_OPTIMIZATION_LEVEL = 0;
				GCC_PREPROCESSOR_DEFINITIONS = (
					"_DEBUG=1",
					"DEBUG=1",
					"JUCE_DISPLAY_SPLASH_SCREEN=1",
					"JUCE_USE_DARK_SPLASH_SCREEN=1",
					"JUCE_PROJUCER_VERSION=0x7000a",
					"JUCE_MODULE_AVAILABLE_juce_audio_basics=1",
					"JUCE_MODULE_AVAILABLE_juce_audio_devices=1",
					"JUCE_MODULE_AVAILABLE_juce_audio_formats=1",
					"JUCE_MODULE_AVAILABLE_juce_audio_plugin_client=1",
					"JUCE_MODULE_AVAILABLE_juce_audio_processors=1",
					"JUCE_MODULE_AVAILABLE_juce_audio_utils=1",
					"JUCE_MODULE_AVAILABLE_juce_core=1",
					"JUCE_MODULE_AVAILABLE_juce_data_structures=1",
					"JUCE_MODULE_AVAILABLE_juce_dsp=1",
					"JUCE_MODULE_AVAILABLE_juce_events=1",
					"JUCE_MODULE_AVAILABLE_juce_graphics=1",
					"JUCE_MODULE_AVAILABLE_juce_gui_basics=1",
					"JUCE_MODULE_AVAILABLE_juce_gui_extra=1",
					"JUCE_GLOBAL_MODULE_SETTINGS_INCLUDED=1",
					"JUCE_VST3_CAN_REPLACE_VST2=0",
					"JUCE_STRICT_REFCOUNTEDPOINTER=1",
					"JucePlugin_Build_VST=0",
					"JucePlugin_Build_VST3=0",
					"JucePlugin_Build_AU=0",
					"JucePlugin_Build_AUv3=0",
					"JucePlugin_Build_AAX=0",
					"JucePlugin_Build_Standalone=1",
					"JucePlugin_Build_Unity=0",
					"JucePlugin_Build_LV2=0",
					"JucePlugin_Enable_IAA=0",
					"JucePlugin_Enable_ARA=0",
					"JucePlugin_Name=\\\"pitchShift\\\"",
					"JucePlugin_Desc=\\\"pitchShift\\\"",
					"JucePlugin_Manufacturer=\\\"yourcompany\\\"",
					"JucePlugin_ManufacturerWebsite=\\\"www.yourcompany.com\\\"",
					"JucePlugin_ManufacturerEmail=\\\"\\\"",
					"JucePlugin_ManufacturerCode=0x4d616e75",
					"JucePlugin_PluginCode=0x5a647030",
					"JucePlugin_IsSynth=0",
					"JucePlugin_WantsMidiInput=1",
					"JucePlugin_ProducesMidiOutput=0",
					"JucePlugin_IsMidiEffect=0",
					"JucePlugin_EditorRequiresKeyboardFocus=0",
					"JucePlugin_Version=1.0.0",
					"JucePlugin_VersionCode=0x10000",
					"JucePlugin_VersionString=\\\"1.0.0\\\"",
					"JucePlugin_VSTUniqueID=JucePlugin_PluginCode",
					"JucePlugin_VSTCategory=kPlugCategEffect",
					"JucePlugin_Vst3Category=\\\"Fx\\\"",
					"JucePlugin_AUMainType=\\'aumf\\'",
					"JucePlugin_AUSubType=JucePlugin_PluginCode",
					"JucePlugin_AUExportPrefix=pitchShiftAU",
					"JucePlugin_AUExportPrefixQuoted=\\\"pitchShiftAU\\\"",
					"JucePlugin_AUManufacturerCode=JucePlugin_ManufacturerCode",
					"JucePlugin_CFBundleIdentifier=com.yourcompany.pitchShift",
					"JucePlugin_AAXIdentifier=com.yourcompany.pitchShift",
					"JucePlugin_AAXManufacturerCode=JucePlugin_ManufacturerCode",
					"JucePlugin_AAXProductId=JucePlugin_PluginCode",
					"JucePlugin_AAXCategory=0",
					"JucePlugin_AAXDisableBypass=0",
					"JucePlugin_AAXDisableMultiMono=0",
					"JucePlugin_IAAType=0x6175726d",
					"JucePlugin_IAASubType=JucePlugin_PluginCode",
					"JucePlugin_IAAName=\\\"yourcompany:\\ pitchShift\\\"",
					"JucePlugin_VSTNumMidiInputs=16",
					"JucePlugin_VSTNumMidiOutputs=16",
					"JucePlugin_ARAContentTypes=0",
					"JucePlugin_ARATransformationFlags=0",
					"JucePlugin_ARAFactoryID=\\\"com.yourcompany.pitchShift.factory\\\"",
					"JucePlugin_ARADocumentArchiveID=\\\"com.yourcompany.pitchShift.aradocumentarchive.1.0.0\\\"",
					"JucePlugin_ARACompatibleArchiveIDs=\\\"\\\"",
					"JUCE_STANDALONE_APPLICATION=JucePlugin_Build_Standalone",
					"JUCER_XCODE_MAC_F6D2F4CF=1",
					"JUCE_APP_VERSION=1.0.0",
					"JUCE_APP_VERSION_HEX=0x10000",
				);
				GCC_VERSION = com.apple.compilers.llvm.clang.1_0;
				HEADER_SEARCH_PATHS = (
					"/Applications/Juce/modules/juce_audio_processors/format_types/VST3_SDK",
					"/Users/mahrukhali/Downloads/VST_SDK/vst3sdk",
					"$(SRCROOT)/../../JuceLibraryCode",
					"/Applications/Juce/modules",
					"/Applications/Juce/modules/juce_audio_plugin_client/AU",
					"$(inherited)",
				);
				INFOPLIST_FILE = Info-Standalone_Plugin.plist;
				INFOPLIST_PREPROCESS = NO;
				MACOSX_DEPLOYMENT_TARGET = 10.13;
				MTL_HEADER_SEARCH_PATHS = "/Applications/Juce/modules/juce_audio_processors/format_types/VST3_SDK /Users/mahrukhali/Downloads/VST_SDK/vst3sdk $(SRCROOT)/../../JuceLibraryCode /Applications/Juce/modules /Applications/Juce/modules/juce_audio_plugin_client/AU";
				OTHER_LDFLAGS = "-lpitchShift";
				PRODUCT_BUNDLE_IDENTIFIER = com.yourcompany.pitchShift;
				PRODUCT_NAME = "pitchShift";
				USE_HEADERMAP = NO;
				VALID_ARCHS = "i386 x86_64 arm64 arm64e";
			};
			name = Debug;
		};
		25D57A635E213AA03B24A6BF /* Release */ = {
			isa = XCBuildConfiguration;
			buildSettings = {
				ALWAYS_SEARCH_USER_PATHS = NO;
				CLANG_ENABLE_OBJC_WEAK = YES;
				CLANG_WARN_BLOCK_CAPTURE_AUTORELEASING = YES;
				CLANG_WARN_BOOL_CONVERSION = YES;
				CLANG_WARN_COMMA = YES;
				CLANG_WARN_CONSTANT_CONVERSION = YES;
				CLANG_WARN_DEPRECATED_OBJC_IMPLEMENTATIONS = YES;
				CLANG_WARN_EMPTY_BODY = YES;
				CLANG_WARN_ENUM_CONVERSION = YES;
				CLANG_WARN_INFINITE_RECURSION = YES;
				CLANG_WARN_INT_CONVERSION = YES;
				CLANG_WARN_NON_LITERAL_NULL_CONVERSION = YES;
				CLANG_WARN_OBJC_IMPLICIT_RETAIN_SELF = YES;
				CLANG_WARN_OBJC_LITERAL_CONVERSION = YES;
				CLANG_WARN_RANGE_LOOP_ANALYSIS = YES;
				CLANG_WARN_STRICT_PROTOTYPES = YES;
				CLANG_WARN_SUSPICIOUS_MOVE = YES;
				CLANG_WARN_UNREACHABLE_CODE = YES;
				CLANG_WARN__DUPLICATE_METHOD_MATCH = YES;
				DEBUG_INFORMATION_FORMAT = dwarf;
				ENABLE_STRICT_OBJC_MSGSEND = YES;
				ENABLE_TESTABILITY = NO;
				GCC_C_LANGUAGE_STANDARD = c11;
				GCC_INLINES_ARE_PRIVATE_EXTERN = YES;
				GCC_MODEL_TUNING = G5;
				GCC_NO_COMMON_BLOCKS = YES;
				GCC_SYMBOLS_PRIVATE_EXTERN = YES;
				GCC_WARN_64_TO_32_BIT_CONVERSION = YES;
				GCC_WARN_ABOUT_RETURN_TYPE = YES;
				GCC_WARN_CHECK_SWITCH_STATEMENTS = YES;
				GCC_WARN_MISSING_PARENTHESES = YES;
				GCC_WARN_NON_VIRTUAL_DESTRUCTOR = YES;
				GCC_WARN_TYPECHECK_CALLS_TO_PRINTF = YES;
				GCC_WARN_UNDECLARED_SELECTOR = YES;
				GCC_WARN_UNINITIALIZED_AUTOS = YES;
				GCC_WARN_UNUSED_FUNCTION = YES;
				GCC_WARN_UNUSED_VARIABLE = YES;
				PRODUCT_NAME = "pitchShift";
				SDKROOT = macosx;
				WARNING_CFLAGS = "-Wreorder";
				ZERO_LINK = NO;
			};
			name = Release;
		};
		27FF2E51E62033839A942855 /* Debug */ = {
			isa = XCBuildConfiguration;
			buildSettings = {
				MACOSX_DEPLOYMENT_TARGET = 10.13;
				SDKROOT = macosx;
			};
			name = Debug;
		};
		5D7000FA669C84C02EF43FF5 /* Release */ = {
			isa = XCBuildConfiguration;
			buildSettings = {
				CLANG_CXX_LANGUAGE_STANDARD = "c++17";
				CLANG_CXX_LIBRARY = "libc++";
				CLANG_LINK_OBJC_RUNTIME = NO;
				COMBINE_HIDPI_IMAGES = YES;
				CONFIGURATION_BUILD_DIR = "$(PROJECT_DIR)/build/$(CONFIGURATION)";
				DEAD_CODE_STRIPPING = YES;
				EXCLUDED_ARCHS = "";
				GCC_GENERATE_DEBUGGING_SYMBOLS = NO;
				GCC_OPTIMIZATION_LEVEL = 3;
				GCC_PREPROCESSOR_DEFINITIONS = (
					"_NDEBUG=1",
					"NDEBUG=1",
					"JUCE_DISPLAY_SPLASH_SCREEN=1",
					"JUCE_USE_DARK_SPLASH_SCREEN=1",
					"JUCE_PROJUCER_VERSION=0x7000a",
					"JUCE_MODULE_AVAILABLE_juce_audio_basics=1",
					"JUCE_MODULE_AVAILABLE_juce_audio_devices=1",
					"JUCE_MODULE_AVAILABLE_juce_audio_formats=1",
					"JUCE_MODULE_AVAILABLE_juce_audio_plugin_client=1",
					"JUCE_MODULE_AVAILABLE_juce_audio_processors=1",
					"JUCE_MODULE_AVAILABLE_juce_audio_utils=1",
					"JUCE_MODULE_AVAILABLE_juce_core=1",
					"JUCE_MODULE_AVAILABLE_juce_data_structures=1",
					"JUCE_MODULE_AVAILABLE_juce_dsp=1",
					"JUCE_MODULE_AVAILABLE_juce_events=1",
					"JUCE_MODULE_AVAILABLE_juce_graphics=1",
					"JUCE_MODULE_AVAILABLE_juce_gui_basics=1",
					"JUCE_MODULE_AVAILABLE_juce_gui_extra=1",
					"JUCE_GLOBAL_MODULE_SETTINGS_INCLUDED=1",
					"JUCE_VST3_CAN_REPLACE_VST2=0",
					"JUCE_STRICT_REFCOUNTEDPOINTER=1",
					"JucePlugin_Build_VST=0",
					"JucePlugin_Build_VST3=0",
					"JucePlugin_Build_AU=1",
					"JucePlugin_Build_AUv3=0",
					"JucePlugin_Build_AAX=0",
					"JucePlugin_Build_Standalone=0",
					"JucePlugin_Build_Unity=0",
					"JucePlugin_Build_LV2=0",
					"JucePlugin_Enable_IAA=0",
					"JucePlugin_Enable_ARA=0",
					"JucePlugin_Name=\\\"pitchShift\\\"",
					"JucePlugin_Desc=\\\"pitchShift\\\"",
					"JucePlugin_Manufacturer=\\\"yourcompany\\\"",
					"JucePlugin_ManufacturerWebsite=\\\"www.yourcompany.com\\\"",
					"JucePlugin_ManufacturerEmail=\\\"\\\"",
					"JucePlugin_ManufacturerCode=0x4d616e75",
					"JucePlugin_PluginCode=0x5a647030",
					"JucePlugin_IsSynth=0",
					"JucePlugin_WantsMidiInput=1",
					"JucePlugin_ProducesMidiOutput=0",
					"JucePlugin_IsMidiEffect=0",
					"JucePlugin_EditorRequiresKeyboardFocus=0",
					"JucePlugin_Version=1.0.0",
					"JucePlugin_VersionCode=0x10000",
					"JucePlugin_VersionString=\\\"1.0.0\\\"",
					"JucePlugin_VSTUniqueID=JucePlugin_PluginCode",
					"JucePlugin_VSTCategory=kPlugCategEffect",
					"JucePlugin_Vst3Category=\\\"Fx\\\"",
					"JucePlugin_AUMainType=\\'aumf\\'",
					"JucePlugin_AUSubType=JucePlugin_PluginCode",
					"JucePlugin_AUExportPrefix=pitchShiftAU",
					"JucePlugin_AUExportPrefixQuoted=\\\"pitchShiftAU\\\"",
					"JucePlugin_AUManufacturerCode=JucePlugin_ManufacturerCode",
					"JucePlugin_CFBundleIdentifier=com.yourcompany.pitchShift",
					"JucePlugin_AAXIdentifier=com.yourcompany.pitchShift",
					"JucePlugin_AAXManufacturerCode=JucePlugin_ManufacturerCode",
					"JucePlugin_AAXProductId=JucePlugin_PluginCode",
					"JucePlugin_AAXCategory=0",
					"JucePlugin_AAXDisableBypass=0",
					"JucePlugin_AAXDisableMultiMono=0",
					"JucePlugin_IAAType=0x6175726d",
					"JucePlugin_IAASubType=JucePlugin_PluginCode",
					"JucePlugin_IAAName=\\\"yourcompany:\\ pitchShift\\\"",
					"JucePlugin_VSTNumMidiInputs=16",
					"JucePlugin_VSTNumMidiOutputs=16",
					"JucePlugin_ARAContentTypes=0",
					"JucePlugin_ARATransformationFlags=0",
					"JucePlugin_ARAFactoryID=\\\"com.yourcompany.pitchShift.factory\\\"",
					"JucePlugin_ARADocumentArchiveID=\\\"com.yourcompany.pitchShift.aradocumentarchive.1.0.0\\\"",
					"JucePlugin_ARACompatibleArchiveIDs=\\\"\\\"",
					"JUCE_STANDALONE_APPLICATION=JucePlugin_Build_Standalone",
					"JUCER_XCODE_MAC_F6D2F4CF=1",
					"JUCE_APP_VERSION=1.0.0",
					"JUCE_APP_VERSION_HEX=0x10000",
				);
				GCC_VERSION = com.apple.compilers.llvm.clang.1_0;
				GENERATE_PKGINFO_FILE = YES;
				HEADER_SEARCH_PATHS = (
					"/Applications/Juce/modules/juce_audio_processors/format_types/VST3_SDK",
					"/Users/mahrukhali/Downloads/VST_SDK/vst3sdk",
					"$(SRCROOT)/../../JuceLibraryCode",
					"/Applications/Juce/modules",
					"/Applications/Juce/modules/juce_audio_plugin_client/AU",
					"$(inherited)",
				);
				INFOPLIST_FILE = Info-AU.plist;
				INFOPLIST_PREPROCESS = NO;
				INSTALL_PATH = "$(HOME)/Library/Audio/Plug-Ins/Components/";
				LIBRARY_STYLE = Bundle;
				LLVM_LTO = YES;
				MACOSX_DEPLOYMENT_TARGET = 10.13;
				MTL_HEADER_SEARCH_PATHS = "/Applications/Juce/modules/juce_audio_processors/format_types/VST3_SDK /Users/mahrukhali/Downloads/VST_SDK/vst3sdk $(SRCROOT)/../../JuceLibraryCode /Applications/Juce/modules /Applications/Juce/modules/juce_audio_plugin_client/AU";
				OTHER_LDFLAGS = "-bundle -lpitchShift";
				OTHER_REZFLAGS = "-d ppc_$ppc -d i386_$i386 -d ppc64_$ppc64 -d x86_64_$x86_64 -d arm64_$arm64 -I /System/Library/Frameworks/CoreServices.framework/Frameworks/CarbonCore.framework/Versions/A/Headers -I \"$(DEVELOPER_DIR)/Extras/CoreAudio/AudioUnits/AUPublic/AUBase\" -I \"$(DEVELOPER_DIR)/Platforms/MacOSX.platform/Developer/SDKs/MacOSX.sdk/System/Library/Frameworks/AudioUnit.framework/Headers\"";
				PRODUCT_BUNDLE_IDENTIFIER = com.yourcompany.pitchShift;
				PRODUCT_NAME = "pitchShift";
				USE_HEADERMAP = NO;
				VALID_ARCHS = "i386 x86_64 arm64 arm64e";
				WRAPPER_EXTENSION = component;
			};
			name = Release;
		};
		5EBED268694855183EFC3F2B /* Debug */ = {
			isa = XCBuildConfiguration;
			buildSettings = {
				ALWAYS_SEARCH_USER_PATHS = NO;
				CLANG_ENABLE_OBJC_WEAK = YES;
				CLANG_WARN_BLOCK_CAPTURE_AUTORELEASING = YES;
				CLANG_WARN_BOOL_CONVERSION = YES;
				CLANG_WARN_COMMA = YES;
				CLANG_WARN_CONSTANT_CONVERSION = YES;
				CLANG_WARN_DEPRECATED_OBJC_IMPLEMENTATIONS = YES;
				CLANG_WARN_EMPTY_BODY = YES;
				CLANG_WARN_ENUM_CONVERSION = YES;
				CLANG_WARN_INFINITE_RECURSION = YES;
				CLANG_WARN_INT_CONVERSION = YES;
				CLANG_WARN_NON_LITERAL_NULL_CONVERSION = YES;
				CLANG_WARN_OBJC_IMPLICIT_RETAIN_SELF = YES;
				CLANG_WARN_OBJC_LITERAL_CONVERSION = YES;
				CLANG_WARN_RANGE_LOOP_ANALYSIS = YES;
				CLANG_WARN_STRICT_PROTOTYPES = YES;
				CLANG_WARN_SUSPICIOUS_MOVE = YES;
				CLANG_WARN_UNREACHABLE_CODE = YES;
				CLANG_WARN__DUPLICATE_METHOD_MATCH = YES;
				DEBUG_INFORMATION_FORMAT = dwarf;
				ENABLE_STRICT_OBJC_MSGSEND = YES;
				ENABLE_TESTABILITY = NO;
				GCC_C_LANGUAGE_STANDARD = c11;
				GCC_INLINES_ARE_PRIVATE_EXTERN = YES;
				GCC_MODEL_TUNING = G5;
				GCC_NO_COMMON_BLOCKS = YES;
				GCC_SYMBOLS_PRIVATE_EXTERN = YES;
				GCC_WARN_64_TO_32_BIT_CONVERSION = YES;
				GCC_WARN_ABOUT_RETURN_TYPE = YES;
				GCC_WARN_CHECK_SWITCH_STATEMENTS = YES;
				GCC_WARN_MISSING_PARENTHESES = YES;
				GCC_WARN_NON_VIRTUAL_DESTRUCTOR = YES;
				GCC_WARN_TYPECHECK_CALLS_TO_PRINTF = YES;
				GCC_WARN_UNDECLARED_SELECTOR = YES;
				GCC_WARN_UNINITIALIZED_AUTOS = YES;
				GCC_WARN_UNUSED_FUNCTION = YES;
				GCC_WARN_UNUSED_VARIABLE = YES;
				ONLY_ACTIVE_ARCH = YES;
				PRODUCT_NAME = "pitchShift";
				SDKROOT = macosx;
				WARNING_CFLAGS = "-Wreorder";
				ZERO_LINK = NO;
			};
			name = Debug;
		};
		5FCFFD9A16F5B473166D7547 /* Debug */ = {
			isa = XCBuildConfiguration;
			buildSettings = {
				CLANG_CXX_LANGUAGE_STANDARD = "c++17";
				CLANG_CXX_LIBRARY = "libc++";
				CLANG_LINK_OBJC_RUNTIME = NO;
				COMBINE_HIDPI_IMAGES = YES;
				CONFIGURATION_BUILD_DIR = "$(PROJECT_DIR)/build/$(CONFIGURATION)";
				COPY_PHASE_STRIP = NO;
				EXCLUDED_ARCHS = "";
				GCC_DYNAMIC_NO_PIC = NO;
				GCC_OPTIMIZATION_LEVEL = 0;
				GCC_PREPROCESSOR_DEFINITIONS = (
					"_DEBUG=1",
					"DEBUG=1",
					"JUCE_DISPLAY_SPLASH_SCREEN=1",
					"JUCE_USE_DARK_SPLASH_SCREEN=1",
					"JUCE_PROJUCER_VERSION=0x7000a",
					"JUCE_MODULE_AVAILABLE_juce_audio_basics=1",
					"JUCE_MODULE_AVAILABLE_juce_audio_devices=1",
					"JUCE_MODULE_AVAILABLE_juce_audio_formats=1",
					"JUCE_MODULE_AVAILABLE_juce_audio_plugin_client=1",
					"JUCE_MODULE_AVAILABLE_juce_audio_processors=1",
					"JUCE_MODULE_AVAILABLE_juce_audio_utils=1",
					"JUCE_MODULE_AVAILABLE_juce_core=1",
					"JUCE_MODULE_AVAILABLE_juce_data_structures=1",
					"JUCE_MODULE_AVAILABLE_juce_dsp=1",
					"JUCE_MODULE_AVAILABLE_juce_events=1",
					"JUCE_MODULE_AVAILABLE_juce_graphics=1",
					"JUCE_MODULE_AVAILABLE_juce_gui_basics=1",
					"JUCE_MODULE_AVAILABLE_juce_gui_extra=1",
					"JUCE_GLOBAL_MODULE_SETTINGS_INCLUDED=1",
					"JUCE_VST3_CAN_REPLACE_VST2=0",
					"JUCE_STRICT_REFCOUNTEDPOINTER=1",
					"JucePlugin_Build_VST=0",
					"JucePlugin_Build_VST3=0",
					"JucePlugin_Build_AU=1",
					"JucePlugin_Build_AUv3=0",
					"JucePlugin_Build_AAX=0",
					"JucePlugin_Build_Standalone=0",
					"JucePlugin_Build_Unity=0",
					"JucePlugin_Build_LV2=0",
					"JucePlugin_Enable_IAA=0",
					"JucePlugin_Enable_ARA=0",
					"JucePlugin_Name=\\\"pitchShift\\\"",
					"JucePlugin_Desc=\\\"pitchShift\\\"",
					"JucePlugin_Manufacturer=\\\"yourcompany\\\"",
					"JucePlugin_ManufacturerWebsite=\\\"www.yourcompany.com\\\"",
					"JucePlugin_ManufacturerEmail=\\\"\\\"",
					"JucePlugin_ManufacturerCode=0x4d616e75",
					"JucePlugin_PluginCode=0x5a647030",
					"JucePlugin_IsSynth=0",
					"JucePlugin_WantsMidiInput=1",
					"JucePlugin_ProducesMidiOutput=0",
					"JucePlugin_IsMidiEffect=0",
					"JucePlugin_EditorRequiresKeyboardFocus=0",
					"JucePlugin_Version=1.0.0",
					"JucePlugin_VersionCode=0x10000",
					"JucePlugin_VersionString=\\\"1.0.0\\\"",
					"JucePlugin_VSTUniqueID=JucePlugin_PluginCode",
					"JucePlugin_VSTCategory=kPlugCategEffect",
					"JucePlugin_Vst3Category=\\\"Fx\\\"",
					"JucePlugin_AUMainType=\\'aumf\\'",
					"JucePlugin_AUSubType=JucePlugin_PluginCode",
					"JucePlugin_AUExportPrefix=pitchShiftAU",
					"JucePlugin_AUExportPrefixQuoted=\\\"pitchShiftAU\\\"",
					"JucePlugin_AUManufacturerCode=JucePlugin_ManufacturerCode",
					"JucePlugin_CFBundleIdentifier=com.yourcompany.pitchShift",
					"JucePlugin_AAXIdentifier=com.yourcompany.pitchShift",
					"JucePlugin_AAXManufacturerCode=JucePlugin_ManufacturerCode",
					"JucePlugin_AAXProductId=JucePlugin_PluginCode",
					"JucePlugin_AAXCategory=0",
					"JucePlugin_AAXDisableBypass=0",
					"JucePlugin_AAXDisableMultiMono=0",
					"JucePlugin_IAAType=0x6175726d",
					"JucePlugin_IAASubType=JucePlugin_PluginCode",
					"JucePlugin_IAAName=\\\"yourcompany:\\ pitchShift\\\"",
					"JucePlugin_VSTNumMidiInputs=16",
					"JucePlugin_VSTNumMidiOutputs=16",
					"JucePlugin_ARAContentTypes=0",
					"JucePlugin_ARATransformationFlags=0",
					"JucePlugin_ARAFactoryID=\\\"com.yourcompany.pitchShift.factory\\\"",
					"JucePlugin_ARADocumentArchiveID=\\\"com.yourcompany.pitchShift.aradocumentarchive.1.0.0\\\"",
					"JucePlugin_ARACompatibleArchiveIDs=\\\"\\\"",
					"JUCE_STANDALONE_APPLICATION=JucePlugin_Build_Standalone",
					"JUCER_XCODE_MAC_F6D2F4CF=1",
					"JUCE_APP_VERSION=1.0.0",
					"JUCE_APP_VERSION_HEX=0x10000",
				);
				GCC_VERSION = com.apple.compilers.llvm.clang.1_0;
				GENERATE_PKGINFO_FILE = YES;
				HEADER_SEARCH_PATHS = (
					"/Applications/Juce/modules/juce_audio_processors/format_types/VST3_SDK",
					"/Users/mahrukhali/Downloads/VST_SDK/vst3sdk",
					"$(SRCROOT)/../../JuceLibraryCode",
					"/Applications/Juce/modules",
					"/Applications/Juce/modules/juce_audio_plugin_client/AU",
					"$(inherited)",
				);
				INFOPLIST_FILE = Info-AU.plist;
				INFOPLIST_PREPROCESS = NO;
				INSTALL_PATH = "$(HOME)/Library/Audio/Plug-Ins/Components/";
				LIBRARY_STYLE = Bundle;
				MACOSX_DEPLOYMENT_TARGET = 10.13;
				MTL_HEADER_SEARCH_PATHS = "/Applications/Juce/modules/juce_audio_processors/format_types/VST3_SDK /Users/mahrukhali/Downloads/VST_SDK/vst3sdk $(SRCROOT)/../../JuceLibraryCode /Applications/Juce/modules /Applications/Juce/modules/juce_audio_plugin_client/AU";
				OTHER_LDFLAGS = "-bundle -lpitchShift";
				OTHER_REZFLAGS = "-d ppc_$ppc -d i386_$i386 -d ppc64_$ppc64 -d x86_64_$x86_64 -d arm64_$arm64 -I /System/Library/Frameworks/CoreServices.framework/Frameworks/CarbonCore.framework/Versions/A/Headers -I \"$(DEVELOPER_DIR)/Extras/CoreAudio/AudioUnits/AUPublic/AUBase\" -I \"$(DEVELOPER_DIR)/Platforms/MacOSX.platform/Developer/SDKs/MacOSX.sdk/System/Library/Frameworks/AudioUnit.framework/Headers\"";
				PRODUCT_BUNDLE_IDENTIFIER = com.yourcompany.pitchShift;
				PRODUCT_NAME = "pitchShift";
				USE_HEADERMAP = NO;
				VALID_ARCHS = "i386 x86_64 arm64 arm64e";
				WRAPPER_EXTENSION = component;
			};
			name = Debug;
		};
		8E33855BBF97CD8E4E989406 /* Release */ = {
			isa = XCBuildConfiguration;
			buildSettings = {
				CLANG_CXX_LANGUAGE_STANDARD = "c++17";
				CLANG_CXX_LIBRARY = "libc++";
				CLANG_LINK_OBJC_RUNTIME = NO;
				COMBINE_HIDPI_IMAGES = YES;
				CONFIGURATION_BUILD_DIR = "$(PROJECT_DIR)/build/$(CONFIGURATION)";
				DEAD_CODE_STRIPPING = YES;
				EXCLUDED_ARCHS = "";
				GCC_GENERATE_DEBUGGING_SYMBOLS = NO;
				GCC_OPTIMIZATION_LEVEL = 3;
				GCC_PREPROCESSOR_DEFINITIONS = (
					"_NDEBUG=1",
					"NDEBUG=1",
					"JUCE_DISPLAY_SPLASH_SCREEN=1",
					"JUCE_USE_DARK_SPLASH_SCREEN=1",
					"JUCE_PROJUCER_VERSION=0x7000a",
					"JUCE_MODULE_AVAILABLE_juce_audio_basics=1",
					"JUCE_MODULE_AVAILABLE_juce_audio_devices=1",
					"JUCE_MODULE_AVAILABLE_juce_audio_formats=1",
					"JUCE_MODULE_AVAILABLE_juce_audio_plugin_client=1",
					"JUCE_MODULE_AVAILABLE_juce_audio_processors=1",
					"JUCE_MODULE_AVAILABLE_juce_audio_utils=1",
					"JUCE_MODULE_AVAILABLE_juce_core=1",
					"JUCE_MODULE_AVAILABLE_juce_data_structures=1",
					"JUCE_MODULE_AVAILABLE_juce_dsp=1",
					"JUCE_MODULE_AVAILABLE_juce_events=1",
					"JUCE_MODULE_AVAILABLE_juce_graphics=1",
					"JUCE_MODULE_AVAILABLE_juce_gui_basics=1",
					"JUCE_MODULE_AVAILABLE_juce_gui_extra=1",
					"JUCE_GLOBAL_MODULE_SETTINGS_INCLUDED=1",
					"JUCE_VST3_CAN_REPLACE_VST2=0",
					"JUCE_STRICT_REFCOUNTEDPOINTER=1",
					"JucePlugin_Build_VST=0",
					"JucePlugin_Build_VST3=1",
					"JucePlugin_Build_AU=1",
					"JucePlugin_Build_AUv3=0",
					"JucePlugin_Build_AAX=0",
					"JucePlugin_Build_Standalone=1",
					"JucePlugin_Build_Unity=0",
					"JucePlugin_Build_LV2=0",
					"JucePlugin_Enable_IAA=0",
					"JucePlugin_Enable_ARA=0",
					"JucePlugin_Name=\\\"pitchShift\\\"",
					"JucePlugin_Desc=\\\"pitchShift\\\"",
					"JucePlugin_Manufacturer=\\\"yourcompany\\\"",
					"JucePlugin_ManufacturerWebsite=\\\"www.yourcompany.com\\\"",
					"JucePlugin_ManufacturerEmail=\\\"\\\"",
					"JucePlugin_ManufacturerCode=0x4d616e75",
					"JucePlugin_PluginCode=0x5a647030",
					"JucePlugin_IsSynth=0",
					"JucePlugin_WantsMidiInput=1",
					"JucePlugin_ProducesMidiOutput=0",
					"JucePlugin_IsMidiEffect=0",
					"JucePlugin_EditorRequiresKeyboardFocus=0",
					"JucePlugin_Version=1.0.0",
					"JucePlugin_VersionCode=0x10000",
					"JucePlugin_VersionString=\\\"1.0.0\\\"",
					"JucePlugin_VSTUniqueID=JucePlugin_PluginCode",
					"JucePlugin_VSTCategory=kPlugCategEffect",
					"JucePlugin_Vst3Category=\\\"Fx\\\"",
					"JucePlugin_AUMainType=\\'aumf\\'",
					"JucePlugin_AUSubType=JucePlugin_PluginCode",
					"JucePlugin_AUExportPrefix=pitchShiftAU",
					"JucePlugin_AUExportPrefixQuoted=\\\"pitchShiftAU\\\"",
					"JucePlugin_AUManufacturerCode=JucePlugin_ManufacturerCode",
					"JucePlugin_CFBundleIdentifier=com.yourcompany.pitchShift",
					"JucePlugin_AAXIdentifier=com.yourcompany.pitchShift",
					"JucePlugin_AAXManufacturerCode=JucePlugin_ManufacturerCode",
					"JucePlugin_AAXProductId=JucePlugin_PluginCode",
					"JucePlugin_AAXCategory=0",
					"JucePlugin_AAXDisableBypass=0",
					"JucePlugin_AAXDisableMultiMono=0",
					"JucePlugin_IAAType=0x6175726d",
					"JucePlugin_IAASubType=JucePlugin_PluginCode",
					"JucePlugin_IAAName=\\\"yourcompany:\\ pitchShift\\\"",
					"JucePlugin_VSTNumMidiInputs=16",
					"JucePlugin_VSTNumMidiOutputs=16",
					"JucePlugin_ARAContentTypes=0",
					"JucePlugin_ARATransformationFlags=0",
					"JucePlugin_ARAFactoryID=\\\"com.yourcompany.pitchShift.factory\\\"",
					"JucePlugin_ARADocumentArchiveID=\\\"com.yourcompany.pitchShift.aradocumentarchive.1.0.0\\\"",
					"JucePlugin_ARACompatibleArchiveIDs=\\\"\\\"",
					"JUCE_STANDALONE_APPLICATION=JucePlugin_Build_Standalone",
					"JUCER_XCODE_MAC_F6D2F4CF=1",
					"JUCE_APP_VERSION=1.0.0",
					"JUCE_APP_VERSION_HEX=0x10000",
					"JUCE_SHARED_CODE=1",
				);
				GCC_VERSION = com.apple.compilers.llvm.clang.1_0;
				HEADER_SEARCH_PATHS = (
					"/Applications/Juce/modules/juce_audio_processors/format_types/VST3_SDK",
					"/Users/mahrukhali/Downloads/VST_SDK/vst3sdk",
					"$(SRCROOT)/../../JuceLibraryCode",
					"/Applications/Juce/modules",
					"/Applications/Juce/modules/juce_audio_plugin_client/AU",
					"$(inherited)",
				);
				INSTALL_PATH = "@executable_path/../Frameworks";
				LLVM_LTO = YES;
				MACOSX_DEPLOYMENT_TARGET = 10.13;
				MTL_HEADER_SEARCH_PATHS = "/Applications/Juce/modules/juce_audio_processors/format_types/VST3_SDK /Users/mahrukhali/Downloads/VST_SDK/vst3sdk $(SRCROOT)/../../JuceLibraryCode /Applications/Juce/modules /Applications/Juce/modules/juce_audio_plugin_client/AU";
				PRODUCT_BUNDLE_IDENTIFIER = com.yourcompany.pitchShift;
				PRODUCT_NAME = "pitchShift";
				SKIP_INSTALL = YES;
				USE_HEADERMAP = NO;
				VALID_ARCHS = "i386 x86_64 arm64 arm64e";
			};
			name = Release;
		};
		9FE2776958621ED8519EFB94 /* Release */ = {
			isa = XCBuildConfiguration;
			buildSettings = {
				CLANG_CXX_LANGUAGE_STANDARD = "c++17";
				CLANG_CXX_LIBRARY = "libc++";
				CLANG_LINK_OBJC_RUNTIME = NO;
				COMBINE_HIDPI_IMAGES = YES;
				CONFIGURATION_BUILD_DIR = "$(PROJECT_DIR)/build/$(CONFIGURATION)";
				DEAD_CODE_STRIPPING = YES;
				EXCLUDED_ARCHS = "";
				GCC_GENERATE_DEBUGGING_SYMBOLS = NO;
				GCC_OPTIMIZATION_LEVEL = 3;
				GCC_PREPROCESSOR_DEFINITIONS = (
					"_NDEBUG=1",
					"NDEBUG=1",
					"JUCE_DISPLAY_SPLASH_SCREEN=1",
					"JUCE_USE_DARK_SPLASH_SCREEN=1",
					"JUCE_PROJUCER_VERSION=0x7000a",
					"JUCE_MODULE_AVAILABLE_juce_audio_basics=1",
					"JUCE_MODULE_AVAILABLE_juce_audio_devices=1",
					"JUCE_MODULE_AVAILABLE_juce_audio_formats=1",
					"JUCE_MODULE_AVAILABLE_juce_audio_plugin_client=1",
					"JUCE_MODULE_AVAILABLE_juce_audio_processors=1",
					"JUCE_MODULE_AVAILABLE_juce_audio_utils=1",
					"JUCE_MODULE_AVAILABLE_juce_core=1",
					"JUCE_MODULE_AVAILABLE_juce_data_structures=1",
					"JUCE_MODULE_AVAILABLE_juce_dsp=1",
					"JUCE_MODULE_AVAILABLE_juce_events=1",
					"JUCE_MODULE_AVAILABLE_juce_graphics=1",
					"JUCE_MODULE_AVAILABLE_juce_gui_basics=1",
					"JUCE_MODULE_AVAILABLE_juce_gui_extra=1",
					"JUCE_GLOBAL_MODULE_SETTINGS_INCLUDED=1",
					"JUCE_VST3_CAN_REPLACE_VST2=0",
					"JUCE_STRICT_REFCOUNTEDPOINTER=1",
					"JucePlugin_Build_VST=0",
					"JucePlugin_Build_VST3=0",
					"JucePlugin_Build_AU=0",
					"JucePlugin_Build_AUv3=0",
					"JucePlugin_Build_AAX=0",
					"JucePlugin_Build_Standalone=1",
					"JucePlugin_Build_Unity=0",
					"JucePlugin_Build_LV2=0",
					"JucePlugin_Enable_IAA=0",
					"JucePlugin_Enable_ARA=0",
					"JucePlugin_Name=\\\"pitchShift\\\"",
					"JucePlugin_Desc=\\\"pitchShift\\\"",
					"JucePlugin_Manufacturer=\\\"yourcompany\\\"",
					"JucePlugin_ManufacturerWebsite=\\\"www.yourcompany.com\\\"",
					"JucePlugin_ManufacturerEmail=\\\"\\\"",
					"JucePlugin_ManufacturerCode=0x4d616e75",
					"JucePlugin_PluginCode=0x5a647030",
					"JucePlugin_IsSynth=0",
					"JucePlugin_WantsMidiInput=1",
					"JucePlugin_ProducesMidiOutput=0",
					"JucePlugin_IsMidiEffect=0",
					"JucePlugin_EditorRequiresKeyboardFocus=0",
					"JucePlugin_Version=1.0.0",
					"JucePlugin_VersionCode=0x10000",
					"JucePlugin_VersionString=\\\"1.0.0\\\"",
					"JucePlugin_VSTUniqueID=JucePlugin_PluginCode",
					"JucePlugin_VSTCategory=kPlugCategEffect",
					"JucePlugin_Vst3Category=\\\"Fx\\\"",
					"JucePlugin_AUMainType=\\'aumf\\'",
					"JucePlugin_AUSubType=JucePlugin_PluginCode",
					"JucePlugin_AUExportPrefix=pitchShiftAU",
					"JucePlugin_AUExportPrefixQuoted=\\\"pitchShiftAU\\\"",
					"JucePlugin_AUManufacturerCode=JucePlugin_ManufacturerCode",
					"JucePlugin_CFBundleIdentifier=com.yourcompany.pitchShift",
					"JucePlugin_AAXIdentifier=com.yourcompany.pitchShift",
					"JucePlugin_AAXManufacturerCode=JucePlugin_ManufacturerCode",
					"JucePlugin_AAXProductId=JucePlugin_PluginCode",
					"JucePlugin_AAXCategory=0",
					"JucePlugin_AAXDisableBypass=0",
					"JucePlugin_AAXDisableMultiMono=0",
					"JucePlugin_IAAType=0x6175726d",
					"JucePlugin_IAASubType=JucePlugin_PluginCode",
					"JucePlugin_IAAName=\\\"yourcompany:\\ pitchShift\\\"",
					"JucePlugin_VSTNumMidiInputs=16",
					"JucePlugin_VSTNumMidiOutputs=16",
					"JucePlugin_ARAContentTypes=0",
					"JucePlugin_ARATransformationFlags=0",
					"JucePlugin_ARAFactoryID=\\\"com.yourcompany.pitchShift.factory\\\"",
					"JucePlugin_ARADocumentArchiveID=\\\"com.yourcompany.pitchShift.aradocumentarchive.1.0.0\\\"",
					"JucePlugin_ARACompatibleArchiveIDs=\\\"\\\"",
					"JUCE_STANDALONE_APPLICATION=JucePlugin_Build_Standalone",
					"JUCER_XCODE_MAC_F6D2F4CF=1",
					"JUCE_APP_VERSION=1.0.0",
					"JUCE_APP_VERSION_HEX=0x10000",
				);
				GCC_VERSION = com.apple.compilers.llvm.clang.1_0;
				HEADER_SEARCH_PATHS = (
					"/Applications/Juce/modules/juce_audio_processors/format_types/VST3_SDK",
					"/Users/mahrukhali/Downloads/VST_SDK/vst3sdk",
					"$(SRCROOT)/../../JuceLibraryCode",
					"/Applications/Juce/modules",
					"/Applications/Juce/modules/juce_audio_plugin_client/AU",
					"$(inherited)",
				);
				INFOPLIST_FILE = Info-Standalone_Plugin.plist;
				INFOPLIST_PREPROCESS = NO;
				LLVM_LTO = YES;
				MACOSX_DEPLOYMENT_TARGET = 10.13;
				MTL_HEADER_SEARCH_PATHS = "/Applications/Juce/modules/juce_audio_processors/format_types/VST3_SDK /Users/mahrukhali/Downloads/VST_SDK/vst3sdk $(SRCROOT)/../../JuceLibraryCode /Applications/Juce/modules /Applications/Juce/modules/juce_audio_plugin_client/AU";
				OTHER_LDFLAGS = "-lpitchShift";
				PRODUCT_BUNDLE_IDENTIFIER = com.yourcompany.pitchShift;
				PRODUCT_NAME = "pitchShift";
				USE_HEADERMAP = NO;
				VALID_ARCHS = "i386 x86_64 arm64 arm64e";
			};
			name = Release;
		};
		A0E49EF8AC874FB61B254782 /* Release */ = {
			isa = XCBuildConfiguration;
			buildSettings = {
				CLANG_CXX_LANGUAGE_STANDARD = "c++17";
				CLANG_CXX_LIBRARY = "libc++";
				CLANG_LINK_OBJC_RUNTIME = NO;
				COMBINE_HIDPI_IMAGES = YES;
				CONFIGURATION_BUILD_DIR = "$(PROJECT_DIR)/build/$(CONFIGURATION)";
				DEAD_CODE_STRIPPING = YES;
				EXCLUDED_ARCHS = "";
				GCC_GENERATE_DEBUGGING_SYMBOLS = NO;
				GCC_OPTIMIZATION_LEVEL = 3;
				GCC_PREPROCESSOR_DEFINITIONS = (
					"_NDEBUG=1",
					"NDEBUG=1",
					"JUCE_DISPLAY_SPLASH_SCREEN=1",
					"JUCE_USE_DARK_SPLASH_SCREEN=1",
					"JUCE_PROJUCER_VERSION=0x7000a",
					"JUCE_MODULE_AVAILABLE_juce_audio_basics=1",
					"JUCE_MODULE_AVAILABLE_juce_audio_devices=1",
					"JUCE_MODULE_AVAILABLE_juce_audio_formats=1",
					"JUCE_MODULE_AVAILABLE_juce_audio_plugin_client=1",
					"JUCE_MODULE_AVAILABLE_juce_audio_processors=1",
					"JUCE_MODULE_AVAILABLE_juce_audio_utils=1",
					"JUCE_MODULE_AVAILABLE_juce_core=1",
					"JUCE_MODULE_AVAILABLE_juce_data_structures=1",
					"JUCE_MODULE_AVAILABLE_juce_dsp=1",
					"JUCE_MODULE_AVAILABLE_juce_events=1",
					"JUCE_MODULE_AVAILABLE_juce_graphics=1",
					"JUCE_MODULE_AVAILABLE_juce_gui_basics=1",
					"JUCE_MODULE_AVAILABLE_juce_gui_extra=1",
					"JUCE_GLOBAL_MODULE_SETTINGS_INCLUDED=1",
					"JUCE_VST3_CAN_REPLACE_VST2=0",
					"JUCE_STRICT_REFCOUNTEDPOINTER=1",
					"JucePlugin_Build_VST=0",
					"JucePlugin_Build_VST3=1",
					"JucePlugin_Build_AU=0",
					"JucePlugin_Build_AUv3=0",
					"JucePlugin_Build_AAX=0",
					"JucePlugin_Build_Standalone=0",
					"JucePlugin_Build_Unity=0",
					"JucePlugin_Build_LV2=0",
					"JucePlugin_Enable_IAA=0",
					"JucePlugin_Enable_ARA=0",
					"JucePlugin_Name=\\\"pitchShift\\\"",
					"JucePlugin_Desc=\\\"pitchShift\\\"",
					"JucePlugin_Manufacturer=\\\"yourcompany\\\"",
					"JucePlugin_ManufacturerWebsite=\\\"www.yourcompany.com\\\"",
					"JucePlugin_ManufacturerEmail=\\\"\\\"",
					"JucePlugin_ManufacturerCode=0x4d616e75",
					"JucePlugin_PluginCode=0x5a647030",
					"JucePlugin_IsSynth=0",
					"JucePlugin_WantsMidiInput=1",
					"JucePlugin_ProducesMidiOutput=0",
					"JucePlugin_IsMidiEffect=0",
					"JucePlugin_EditorRequiresKeyboardFocus=0",
					"JucePlugin_Version=1.0.0",
					"JucePlugin_VersionCode=0x10000",
					"JucePlugin_VersionString=\\\"1.0.0\\\"",
					"JucePlugin_VSTUniqueID=JucePlugin_PluginCode",
					"JucePlugin_VSTCategory=kPlugCategEffect",
					"JucePlugin_Vst3Category=\\\"Fx\\\"",
					"JucePlugin_AUMainType=\\'aumf\\'",
					"JucePlugin_AUSubType=JucePlugin_PluginCode",
					"JucePlugin_AUExportPrefix=pitchShiftAU",
					"JucePlugin_AUExportPrefixQuoted=\\\"pitchShiftAU\\\"",
					"JucePlugin_AUManufacturerCode=JucePlugin_ManufacturerCode",
					"JucePlugin_CFBundleIdentifier=com.yourcompany.pitchShift",
					"JucePlugin_AAXIdentifier=com.yourcompany.pitchShift",
					"JucePlugin_AAXManufacturerCode=JucePlugin_ManufacturerCode",
					"JucePlugin_AAXProductId=JucePlugin_PluginCode",
					"JucePlugin_AAXCategory=0",
					"JucePlugin_AAXDisableBypass=0",
					"JucePlugin_AAXDisableMultiMono=0",
					"JucePlugin_IAAType=0x6175726d",
					"JucePlugin_IAASubType=JucePlugin_PluginCode",
					"JucePlugin_IAAName=\\\"yourcompany:\\ pitchShift\\\"",
					"JucePlugin_VSTNumMidiInputs=16",
					"JucePlugin_VSTNumMidiOutputs=16",
					"JucePlugin_ARAContentTypes=0",
					"JucePlugin_ARATransformationFlags=0",
					"JucePlugin_ARAFactoryID=\\\"com.yourcompany.pitchShift.factory\\\"",
					"JucePlugin_ARADocumentArchiveID=\\\"com.yourcompany.pitchShift.aradocumentarchive.1.0.0\\\"",
					"JucePlugin_ARACompatibleArchiveIDs=\\\"\\\"",
					"JUCE_STANDALONE_APPLICATION=JucePlugin_Build_Standalone",
					"JUCER_XCODE_MAC_F6D2F4CF=1",
					"JUCE_APP_VERSION=1.0.0",
					"JUCE_APP_VERSION_HEX=0x10000",
				);
				GCC_VERSION = com.apple.compilers.llvm.clang.1_0;
				GENERATE_PKGINFO_FILE = YES;
				HEADER_SEARCH_PATHS = (
					"/Applications/Juce/modules/juce_audio_processors/format_types/VST3_SDK",
					"/Users/mahrukhali/Downloads/VST_SDK/vst3sdk",
					"$(SRCROOT)/../../JuceLibraryCode",
					"/Applications/Juce/modules",
					"/Applications/Juce/modules/juce_audio_plugin_client/AU",
					"$(inherited)",
				);
				INFOPLIST_FILE = Info-VST3.plist;
				INFOPLIST_PREPROCESS = NO;
				INSTALL_PATH = "$(HOME)/Library/Audio/Plug-Ins/VST3/";
				LIBRARY_STYLE = Bundle;
				LLVM_LTO = YES;
				MACOSX_DEPLOYMENT_TARGET = 10.13;
				MTL_HEADER_SEARCH_PATHS = "/Applications/Juce/modules/juce_audio_processors/format_types/VST3_SDK /Users/mahrukhali/Downloads/VST_SDK/vst3sdk $(SRCROOT)/../../JuceLibraryCode /Applications/Juce/modules /Applications/Juce/modules/juce_audio_plugin_client/AU";
				OTHER_LDFLAGS = "-bundle -lpitchShift";
				PRODUCT_BUNDLE_IDENTIFIER = com.yourcompany.pitchShift;
				PRODUCT_NAME = "pitchShift";
				USE_HEADERMAP = NO;
				VALID_ARCHS = "i386 x86_64 arm64 arm64e";
				WRAPPER_EXTENSION = vst3;
			};
			name = Release;
		};
		A5FD3D3CD8DB5810D8E350F6 /* Debug */ = {
			isa = XCBuildConfiguration;
			buildSettings = {
				CLANG_CXX_LANGUAGE_STANDARD = "c++17";
				CLANG_CXX_LIBRARY = "libc++";
				CLANG_LINK_OBJC_RUNTIME = NO;
				COMBINE_HIDPI_IMAGES = YES;
				CONFIGURATION_BUILD_DIR = "$(PROJECT_DIR)/build/$(CONFIGURATION)";
				COPY_PHASE_STRIP = NO;
				EXCLUDED_ARCHS = "";
				GCC_DYNAMIC_NO_PIC = NO;
				GCC_OPTIMIZATION_LEVEL = 0;
				GCC_PREPROCESSOR_DEFINITIONS = (
					"_DEBUG=1",
					"DEBUG=1",
					"JUCE_DISPLAY_SPLASH_SCREEN=1",
					"JUCE_USE_DARK_SPLASH_SCREEN=1",
					"JUCE_PROJUCER_VERSION=0x7000a",
					"JUCE_MODULE_AVAILABLE_juce_audio_basics=1",
					"JUCE_MODULE_AVAILABLE_juce_audio_devices=1",
					"JUCE_MODULE_AVAILABLE_juce_audio_formats=1",
					"JUCE_MODULE_AVAILABLE_juce_audio_plugin_client=1",
					"JUCE_MODULE_AVAILABLE_juce_audio_processors=1",
					"JUCE_MODULE_AVAILABLE_juce_audio_utils=1",
					"JUCE_MODULE_AVAILABLE_juce_core=1",
					"JUCE_MODULE_AVAILABLE_juce_data_structures=1",
					"JUCE_MODULE_AVAILABLE_juce_dsp=1",
					"JUCE_MODULE_AVAILABLE_juce_events=1",
					"JUCE_MODULE_AVAILABLE_juce_graphics=1",
					"JUCE_MODULE_AVAILABLE_juce_gui_basics=1",
					"JUCE_MODULE_AVAILABLE_juce_gui_extra=1",
					"JUCE_GLOBAL_MODULE_SETTINGS_INCLUDED=1",
					"JUCE_VST3_CAN_REPLACE_VST2=0",
					"JUCE_STRICT_REFCOUNTEDPOINTER=1",
					"JucePlugin_Build_VST=0",
					"JucePlugin_Build_VST3=1",
					"JucePlugin_Build_AU=0",
					"JucePlugin_Build_AUv3=0",
					"JucePlugin_Build_AAX=0",
					"JucePlugin_Build_Standalone=0",
					"JucePlugin_Build_Unity=0",
					"JucePlugin_Build_LV2=0",
					"JucePlugin_Enable_IAA=0",
					"JucePlugin_Enable_ARA=0",
					"JucePlugin_Name=\\\"pitchShift\\\"",
					"JucePlugin_Desc=\\\"pitchShift\\\"",
					"JucePlugin_Manufacturer=\\\"yourcompany\\\"",
					"JucePlugin_ManufacturerWebsite=\\\"www.yourcompany.com\\\"",
					"JucePlugin_ManufacturerEmail=\\\"\\\"",
					"JucePlugin_ManufacturerCode=0x4d616e75",
					"JucePlugin_PluginCode=0x5a647030",
					"JucePlugin_IsSynth=0",
					"JucePlugin_WantsMidiInput=1",
					"JucePlugin_ProducesMidiOutput=0",
					"JucePlugin_IsMidiEffect=0",
					"JucePlugin_EditorRequiresKeyboardFocus=0",
					"JucePlugin_Version=1.0.0",
					"JucePlugin_VersionCode=0x10000",
					"JucePlugin_VersionString=\\\"1.0.0\\\"",
					"JucePlugin_VSTUniqueID=JucePlugin_PluginCode",
					"JucePlugin_VSTCategory=kPlugCategEffect",
					"JucePlugin_Vst3Category=\\\"Fx\\\"",
					"JucePlugin_AUMainType=\\'aumf\\'",
					"JucePlugin_AUSubType=JucePlugin_PluginCode",
					"JucePlugin_AUExportPrefix=pitchShiftAU",
					"JucePlugin_AUExportPrefixQuoted=\\\"pitchShiftAU\\\"",
					"JucePlugin_AUManufacturerCode=JucePlugin_ManufacturerCode",
					"JucePlugin_CFBundleIdentifier=com.yourcompany.pitchShift",
					"JucePlugin_AAXIdentifier=com.yourcompany.pitchShift",
					"JucePlugin_AAXManufacturerCode=JucePlugin_ManufacturerCode",
					"JucePlugin_AAXProductId=JucePlugin_PluginCode",
					"JucePlugin_AAXCategory=0",
					"JucePlugin_AAXDisableBypass=0",
					"JucePlugin_AAXDisableMultiMono=0",
					"JucePlugin_IAAType=0x6175726d",
					"JucePlugin_IAASubType=JucePlugin_PluginCode",
					"JucePlugin_IAAName=\\\"yourcompany:\\ pitchShift\\\"",
					"JucePlugin_VSTNumMidiInputs=16",
					"JucePlugin_VSTNumMidiOutputs=16",
					"JucePlugin_ARAContentTypes=0",
					"JucePlugin_ARATransformationFlags=0",
					"JucePlugin_ARAFactoryID=\\\"com.yourcompany.pitchShift.factory\\\"",
					"JucePlugin_ARADocumentArchiveID=\\\"com.yourcompany.pitchShift.aradocumentarchive.1.0.0\\\"",
					"JucePlugin_ARACompatibleArchiveIDs=\\\"\\\"",
					"JUCE_STANDALONE_APPLICATION=JucePlugin_Build_Standalone",
					"JUCER_XCODE_MAC_F6D2F4CF=1",
					"JUCE_APP_VERSION=1.0.0",
					"JUCE_APP_VERSION_HEX=0x10000",
				);
				GCC_VERSION = com.apple.compilers.llvm.clang.1_0;
				GENERATE_PKGINFO_FILE = YES;
				HEADER_SEARCH_PATHS = (
					"/Applications/Juce/modules/juce_audio_processors/format_types/VST3_SDK",
					"/Users/mahrukhali/Downloads/VST_SDK/vst3sdk",
					"$(SRCROOT)/../../JuceLibraryCode",
					"/Applications/Juce/modules",
					"/Applications/Juce/modules/juce_audio_plugin_client/AU",
					"$(inherited)",
				);
				INFOPLIST_FILE = Info-VST3.plist;
				INFOPLIST_PREPROCESS = NO;
				INSTALL_PATH = "$(HOME)/Library/Audio/Plug-Ins/VST3/";
				LIBRARY_STYLE = Bundle;
				MACOSX_DEPLOYMENT_TARGET = 10.13;
				MTL_HEADER_SEARCH_PATHS = "/Applications/Juce/modules/juce_audio_processors/format_types/VST3_SDK /Users/mahrukhali/Downloads/VST_SDK/vst3sdk $(SRCROOT)/../../JuceLibraryCode /Applications/Juce/modules /Applications/Juce/modules/juce_audio_plugin_client/AU";
				OTHER_LDFLAGS = "-bundle -lpitchShift";
				PRODUCT_BUNDLE_IDENTIFIER = com.yourcompany.pitchShift;
				PRODUCT_NAME = "pitchShift";
				USE_HEADERMAP = NO;
				VALID_ARCHS = "i386 x86_64 arm64 arm64e";
				WRAPPER_EXTENSION = vst3;
			};
			name = Debug;
		};
		B574C47BB93BF8EC4BFBD2FD /* Release */ = {
			isa = XCBuildConfiguration;
			buildSettings = {
				CLANG_CXX_LANGUAGE_STANDARD = "c++17";
				CLANG_CXX_LIBRARY = "libc++";
				CLANG_LINK_OBJC_RUNTIME = NO;
				COMBINE_HIDPI_IMAGES = YES;
				CONFIGURATION_BUILD_DIR = "$(PROJECT_DIR)/build/$(CONFIGURATION)";
				DEAD_CODE_STRIPPING = YES;
				EXCLUDED_ARCHS = "";
				GCC_GENERATE_DEBUGGING_SYMBOLS = NO;
				GCC_OPTIMIZATION_LEVEL = 3;
				GCC_PREPROCESSOR_DEFINITIONS = (
					"_NDEBUG=1",
					"NDEBUG=1",
					"JUCE_DISPLAY_SPLASH_SCREEN=1",
					"JUCE_USE_DARK_SPLASH_SCREEN=1",
					"JUCE_PROJUCER_VERSION=0x7000a",
					"JUCE_MODULE_AVAILABLE_juce_audio_basics=1",
					"JUCE_MODULE_AVAILABLE_juce_audio_devices=1",
					"JUCE_MODULE_AVAILABLE_juce_audio_formats=1",
					"JUCE_MODULE_AVAILABLE_juce_audio_plugin_client=1",
					"JUCE_MODULE_AVAILABLE_juce_audio_processors=1",
					"JUCE_MODULE_AVAILABLE_juce_audio_utils=1",
					"JUCE_MODULE_AVAILABLE_juce_core=1",
					"JUCE_MODULE_AVAILABLE_juce_data_structures=1",
					"JUCE_MODULE_AVAILABLE_juce_dsp=1",
					"JUCE_MODULE_AVAILABLE_juce_events=1",
					"JUCE_MODULE_AVAILABLE_juce_graphics=1",
					"JUCE_MODULE_AVAILABLE_juce_gui_basics=1",
					"JUCE_MODULE_AVAILABLE_juce_gui_extra=1",
					"JUCE_GLOBAL_MODULE_SETTINGS_INCLUDED=1",
					"JUCE_VST3_CAN_REPLACE_VST2=0",
					"JUCE_STRICT_REFCOUNTEDPOINTER=1",
					"JucePlugin_Build_VST=0",
					"JucePlugin_Build_VST3=0",
					"JucePlugin_Build_AU=0",
					"JucePlugin_Build_AUv3=0",
					"JucePlugin_Build_AAX=0",
					"JucePlugin_Build_Standalone=0",
					"JucePlugin_Build_Unity=0",
					"JucePlugin_Build_LV2=0",
					"JucePlugin_Enable_IAA=0",
					"JucePlugin_Enable_ARA=0",
					"JucePlugin_Name=\\\"pitchShift\\\"",
					"JucePlugin_Desc=\\\"pitchShift\\\"",
					"JucePlugin_Manufacturer=\\\"yourcompany\\\"",
					"JucePlugin_ManufacturerWebsite=\\\"www.yourcompany.com\\\"",
					"JucePlugin_ManufacturerEmail=\\\"\\\"",
					"JucePlugin_ManufacturerCode=0x4d616e75",
					"JucePlugin_PluginCode=0x5a647030",
					"JucePlugin_IsSynth=0",
					"JucePlugin_WantsMidiInput=1",
					"JucePlugin_ProducesMidiOutput=0",
					"JucePlugin_IsMidiEffect=0",
					"JucePlugin_EditorRequiresKeyboardFocus=0",
					"JucePlugin_Version=1.0.0",
					"JucePlugin_VersionCode=0x10000",
					"JucePlugin_VersionString=\\\"1.0.0\\\"",
					"JucePlugin_VSTUniqueID=JucePlugin_PluginCode",
					"JucePlugin_VSTCategory=kPlugCategEffect",
					"JucePlugin_Vst3Category=\\\"Fx\\\"",
					"JucePlugin_AUMainType=\\'aumf\\'",
					"JucePlugin_AUSubType=JucePlugin_PluginCode",
					"JucePlugin_AUExportPrefix=pitchShiftAU",
					"JucePlugin_AUExportPrefixQuoted=\\\"pitchShiftAU\\\"",
					"JucePlugin_AUManufacturerCode=JucePlugin_ManufacturerCode",
					"JucePlugin_CFBundleIdentifier=com.yourcompany.pitchShift",
					"JucePlugin_AAXIdentifier=com.yourcompany.pitchShift",
					"JucePlugin_AAXManufacturerCode=JucePlugin_ManufacturerCode",
					"JucePlugin_AAXProductId=JucePlugin_PluginCode",
					"JucePlugin_AAXCategory=0",
					"JucePlugin_AAXDisableBypass=0",
					"JucePlugin_AAXDisableMultiMono=0",
					"JucePlugin_IAAType=0x6175726d",
					"JucePlugin_IAASubType=JucePlugin_PluginCode",
					"JucePlugin_IAAName=\\\"yourcompany:\\ pitchShift\\\"",
					"JucePlugin_VSTNumMidiInputs=16",
					"JucePlugin_VSTNumMidiOutputs=16",
					"JucePlugin_ARAContentTypes=0",
					"JucePlugin_ARATransformationFlags=0",
					"JucePlugin_ARAFactoryID=\\\"com.yourcompany.pitchShift.factory\\\"",
					"JucePlugin_ARADocumentArchiveID=\\\"com.yourcompany.pitchShift.aradocumentarchive.1.0.0\\\"",
					"JucePlugin_ARACompatibleArchiveIDs=\\\"\\\"",
					"JUCE_STANDALONE_APPLICATION=JucePlugin_Build_Standalone",
					"JUCER_XCODE_MAC_F6D2F4CF=1",
					"JUCE_APP_VERSION=1.0.0",
					"JUCE_APP_VERSION_HEX=0x10000",
				);
				GCC_VERSION = com.apple.compilers.llvm.clang.1_0;
				HEADER_SEARCH_PATHS = (
					"/Applications/Juce/modules/juce_audio_processors/format_types/VST3_SDK",
					"/Users/mahrukhali/Downloads/VST_SDK/vst3sdk",
					"$(SRCROOT)/../../JuceLibraryCode",
					"/Applications/Juce/modules",
					"/Applications/Juce/modules/juce_audio_plugin_client/AU",
					"$(inherited)",
				);
				INFOPLIST_FILE = Info-VST3_Manifest_Helper.plist;
				INFOPLIST_PREPROCESS = NO;
				LLVM_LTO = YES;
				MACOSX_DEPLOYMENT_TARGET = 10.13;
				MTL_HEADER_SEARCH_PATHS = "/Applications/Juce/modules/juce_audio_processors/format_types/VST3_SDK /Users/mahrukhali/Downloads/VST_SDK/vst3sdk $(SRCROOT)/../../JuceLibraryCode /Applications/Juce/modules /Applications/Juce/modules/juce_audio_plugin_client/AU";
				PRODUCT_BUNDLE_IDENTIFIER = com.yourcompany.pitchShift;
				PRODUCT_NAME = "juce_vst3_helper";
				USE_HEADERMAP = NO;
				VALID_ARCHS = "i386 x86_64 arm64 arm64e";
			};
			name = Release;
		};
		B65B5BAA945FF5258830F1D0 /* Debug */ = {
			isa = XCBuildConfiguration;
			buildSettings = {
				CLANG_CXX_LANGUAGE_STANDARD = "c++17";
				CLANG_CXX_LIBRARY = "libc++";
				CLANG_LINK_OBJC_RUNTIME = NO;
				COMBINE_HIDPI_IMAGES = YES;
				CONFIGURATION_BUILD_DIR = "$(PROJECT_DIR)/build/$(CONFIGURATION)";
				COPY_PHASE_STRIP = NO;
				EXCLUDED_ARCHS = "";
				GCC_DYNAMIC_NO_PIC = NO;
				GCC_OPTIMIZATION_LEVEL = 0;
				GCC_PREPROCESSOR_DEFINITIONS = (
					"_DEBUG=1",
					"DEBUG=1",
					"JUCE_DISPLAY_SPLASH_SCREEN=1",
					"JUCE_USE_DARK_SPLASH_SCREEN=1",
					"JUCE_PROJUCER_VERSION=0x7000a",
					"JUCE_MODULE_AVAILABLE_juce_audio_basics=1",
					"JUCE_MODULE_AVAILABLE_juce_audio_devices=1",
					"JUCE_MODULE_AVAILABLE_juce_audio_formats=1",
					"JUCE_MODULE_AVAILABLE_juce_audio_plugin_client=1",
					"JUCE_MODULE_AVAILABLE_juce_audio_processors=1",
					"JUCE_MODULE_AVAILABLE_juce_audio_utils=1",
					"JUCE_MODULE_AVAILABLE_juce_core=1",
					"JUCE_MODULE_AVAILABLE_juce_data_structures=1",
					"JUCE_MODULE_AVAILABLE_juce_dsp=1",
					"JUCE_MODULE_AVAILABLE_juce_events=1",
					"JUCE_MODULE_AVAILABLE_juce_graphics=1",
					"JUCE_MODULE_AVAILABLE_juce_gui_basics=1",
					"JUCE_MODULE_AVAILABLE_juce_gui_extra=1",
					"JUCE_GLOBAL_MODULE_SETTINGS_INCLUDED=1",
					"JUCE_VST3_CAN_REPLACE_VST2=0",
					"JUCE_STRICT_REFCOUNTEDPOINTER=1",
					"JucePlugin_Build_VST=0",
					"JucePlugin_Build_VST3=0",
					"JucePlugin_Build_AU=0",
					"JucePlugin_Build_AUv3=0",
					"JucePlugin_Build_AAX=0",
					"JucePlugin_Build_Standalone=0",
					"JucePlugin_Build_Unity=0",
					"JucePlugin_Build_LV2=0",
					"JucePlugin_Enable_IAA=0",
					"JucePlugin_Enable_ARA=0",
					"JucePlugin_Name=\\\"pitchShift\\\"",
					"JucePlugin_Desc=\\\"pitchShift\\\"",
					"JucePlugin_Manufacturer=\\\"yourcompany\\\"",
					"JucePlugin_ManufacturerWebsite=\\\"www.yourcompany.com\\\"",
					"JucePlugin_ManufacturerEmail=\\\"\\\"",
					"JucePlugin_ManufacturerCode=0x4d616e75",
					"JucePlugin_PluginCode=0x5a647030",
					"JucePlugin_IsSynth=0",
					"JucePlugin_WantsMidiInput=1",
					"JucePlugin_ProducesMidiOutput=0",
					"JucePlugin_IsMidiEffect=0",
					"JucePlugin_EditorRequiresKeyboardFocus=0",
					"JucePlugin_Version=1.0.0",
					"JucePlugin_VersionCode=0x10000",
					"JucePlugin_VersionString=\\\"1.0.0\\\"",
					"JucePlugin_VSTUniqueID=JucePlugin_PluginCode",
					"JucePlugin_VSTCategory=kPlugCategEffect",
					"JucePlugin_Vst3Category=\\\"Fx\\\"",
					"JucePlugin_AUMainType=\\'aumf\\'",
					"JucePlugin_AUSubType=JucePlugin_PluginCode",
					"JucePlugin_AUExportPrefix=pitchShiftAU",
					"JucePlugin_AUExportPrefixQuoted=\\\"pitchShiftAU\\\"",
					"JucePlugin_AUManufacturerCode=JucePlugin_ManufacturerCode",
					"JucePlugin_CFBundleIdentifier=com.yourcompany.pitchShift",
					"JucePlugin_AAXIdentifier=com.yourcompany.pitchShift",
					"JucePlugin_AAXManufacturerCode=JucePlugin_ManufacturerCode",
					"JucePlugin_AAXProductId=JucePlugin_PluginCode",
					"JucePlugin_AAXCategory=0",
					"JucePlugin_AAXDisableBypass=0",
					"JucePlugin_AAXDisableMultiMono=0",
					"JucePlugin_IAAType=0x6175726d",
					"JucePlugin_IAASubType=JucePlugin_PluginCode",
					"JucePlugin_IAAName=\\\"yourcompany:\\ pitchShift\\\"",
					"JucePlugin_VSTNumMidiInputs=16",
					"JucePlugin_VSTNumMidiOutputs=16",
					"JucePlugin_ARAContentTypes=0",
					"JucePlugin_ARATransformationFlags=0",
					"JucePlugin_ARAFactoryID=\\\"com.yourcompany.pitchShift.factory\\\"",
					"JucePlugin_ARADocumentArchiveID=\\\"com.yourcompany.pitchShift.aradocumentarchive.1.0.0\\\"",
					"JucePlugin_ARACompatibleArchiveIDs=\\\"\\\"",
					"JUCE_STANDALONE_APPLICATION=JucePlugin_Build_Standalone",
					"JUCER_XCODE_MAC_F6D2F4CF=1",
					"JUCE_APP_VERSION=1.0.0",
					"JUCE_APP_VERSION_HEX=0x10000",
				);
				GCC_VERSION = com.apple.compilers.llvm.clang.1_0;
				HEADER_SEARCH_PATHS = (
					"/Applications/Juce/modules/juce_audio_processors/format_types/VST3_SDK",
					"/Users/mahrukhali/Downloads/VST_SDK/vst3sdk",
					"$(SRCROOT)/../../JuceLibraryCode",
					"/Applications/Juce/modules",
					"/Applications/Juce/modules/juce_audio_plugin_client/AU",
					"$(inherited)",
				);
				INFOPLIST_FILE = Info-VST3_Manifest_Helper.plist;
				INFOPLIST_PREPROCESS = NO;
				MACOSX_DEPLOYMENT_TARGET = 10.13;
				MTL_HEADER_SEARCH_PATHS = "/Applications/Juce/modules/juce_audio_processors/format_types/VST3_SDK /Users/mahrukhali/Downloads/VST_SDK/vst3sdk $(SRCROOT)/../../JuceLibraryCode /Applications/Juce/modules /Applications/Juce/modules/juce_audio_plugin_client/AU";
				PRODUCT_BUNDLE_IDENTIFIER = com.yourcompany.pitchShift;
				PRODUCT_NAME = "juce_vst3_helper";
				USE_HEADERMAP = NO;
				VALID_ARCHS = "i386 x86_64 arm64 arm64e";
			};
			name = Debug;
		};
		CBEE21F291F2CCF68C6D571C /* Release */ = {
			isa = XCBuildConfiguration;
			buildSettings = {
				MACOSX_DEPLOYMENT_TARGET = 10.13;
				SDKROOT = macosx;
			};
			name = Release;
		};
		F8503B647795318306E615AD /* Debug */ = {
			isa = XCBuildConfiguration;
			buildSettings = {
				CLANG_CXX_LANGUAGE_STANDARD = "c++17";
				CLANG_CXX_LIBRARY = "libc++";
				CLANG_LINK_OBJC_RUNTIME = NO;
				COMBINE_HIDPI_IMAGES = YES;
				CONFIGURATION_BUILD_DIR = "$(PROJECT_DIR)/build/$(CONFIGURATION)";
				COPY_PHASE_STRIP = NO;
				EXCLUDED_ARCHS = "";
				GCC_DYNAMIC_NO_PIC = NO;
				GCC_OPTIMIZATION_LEVEL = 0;
				GCC_PREPROCESSOR_DEFINITIONS = (
					"_DEBUG=1",
					"DEBUG=1",
					"JUCE_DISPLAY_SPLASH_SCREEN=1",
					"JUCE_USE_DARK_SPLASH_SCREEN=1",
					"JUCE_PROJUCER_VERSION=0x7000a",
					"JUCE_MODULE_AVAILABLE_juce_audio_basics=1",
					"JUCE_MODULE_AVAILABLE_juce_audio_devices=1",
					"JUCE_MODULE_AVAILABLE_juce_audio_formats=1",
					"JUCE_MODULE_AVAILABLE_juce_audio_plugin_client=1",
					"JUCE_MODULE_AVAILABLE_juce_audio_processors=1",
					"JUCE_MODULE_AVAILABLE_juce_audio_utils=1",
					"JUCE_MODULE_AVAILABLE_juce_core=1",
					"JUCE_MODULE_AVAILABLE_juce_data_structures=1",
					"JUCE_MODULE_AVAILABLE_juce_dsp=1",
					"JUCE_MODULE_AVAILABLE_juce_events=1",
					"JUCE_MODULE_AVAILABLE_juce_graphics=1",
					"JUCE_MODULE_AVAILABLE_juce_gui_basics=1",
					"JUCE_MODULE_AVAILABLE_juce_gui_extra=1",
					"JUCE_GLOBAL_MODULE_SETTINGS_INCLUDED=1",
					"JUCE_VST3_CAN_REPLACE_VST2=0",
					"JUCE_STRICT_REFCOUNTEDPOINTER=1",
					"JucePlugin_Build_VST=0",
					"JucePlugin_Build_VST3=1",
					"JucePlugin_Build_AU=1",
					"JucePlugin_Build_AUv3=0",
					"JucePlugin_Build_AAX=0",
					"JucePlugin_Build_Standalone=1",
					"JucePlugin_Build_Unity=0",
					"JucePlugin_Build_LV2=0",
					"JucePlugin_Enable_IAA=0",
					"JucePlugin_Enable_ARA=0",
					"JucePlugin_Name=\\\"pitchShift\\\"",
					"JucePlugin_Desc=\\\"pitchShift\\\"",
					"JucePlugin_Manufacturer=\\\"yourcompany\\\"",
					"JucePlugin_ManufacturerWebsite=\\\"www.yourcompany.com\\\"",
					"JucePlugin_ManufacturerEmail=\\\"\\\"",
					"JucePlugin_ManufacturerCode=0x4d616e75",
					"JucePlugin_PluginCode=0x5a647030",
					"JucePlugin_IsSynth=0",
					"JucePlugin_WantsMidiInput=1",
					"JucePlugin_ProducesMidiOutput=0",
					"JucePlugin_IsMidiEffect=0",
					"JucePlugin_EditorRequiresKeyboardFocus=0",
					"JucePlugin_Version=1.0.0",
					"JucePlugin_VersionCode=0x10000",
					"JucePlugin_VersionString=\\\"1.0.0\\\"",
					"JucePlugin_VSTUniqueID=JucePlugin_PluginCode",
					"JucePlugin_VSTCategory=kPlugCategEffect",
					"JucePlugin_Vst3Category=\\\"Fx\\\"",
					"JucePlugin_AUMainType=\\'aumf\\'",
					"JucePlugin_AUSubType=JucePlugin_PluginCode",
					"JucePlugin_AUExportPrefix=pitchShiftAU",
					"JucePlugin_AUExportPrefixQuoted=\\\"pitchShiftAU\\\"",
					"JucePlugin_AUManufacturerCode=JucePlugin_ManufacturerCode",
					"JucePlugin_CFBundleIdentifier=com.yourcompany.pitchShift",
					"JucePlugin_AAXIdentifier=com.yourcompany.pitchShift",
					"JucePlugin_AAXManufacturerCode=JucePlugin_ManufacturerCode",
					"JucePlugin_AAXProductId=JucePlugin_PluginCode",
					"JucePlugin_AAXCategory=0",
					"JucePlugin_AAXDisableBypass=0",
					"JucePlugin_AAXDisableMultiMono=0",
					"JucePlugin_IAAType=0x6175726d",
					"JucePlugin_IAASubType=JucePlugin_PluginCode",
					"JucePlugin_IAAName=\\\"yourcompany:\\ pitchShift\\\"",
					"JucePlugin_VSTNumMidiInputs=16",
					"JucePlugin_VSTNumMidiOutputs=16",
					"JucePlugin_ARAContentTypes=0",
					"JucePlugin_ARATransformationFlags=0",
					"JucePlugin_ARAFactoryID=\\\"com.yourcompany.pitchShift.factory\\\"",
					"JucePlugin_ARADocumentArchiveID=\\\"com.yourcompany.pitchShift.aradocumentarchive.1.0.0\\\"",
					"JucePlugin_ARACompatibleArchiveIDs=\\\"\\\"",
					"JUCE_STANDALONE_APPLICATION=JucePlugin_Build_Standalone",
					"JUCER_XCODE_MAC_F6D2F4CF=1",
					"JUCE_APP_VERSION=1.0.0",
					"JUCE_APP_VERSION_HEX=0x10000",
					"JUCE_SHARED_CODE=1",
				);
				GCC_VERSION = com.apple.compilers.llvm.clang.1_0;
				HEADER_SEARCH_PATHS = (
					"/Applications/Juce/modules/juce_audio_processors/format_types/VST3_SDK",
					"/Users/mahrukhali/Downloads/VST_SDK/vst3sdk",
					"$(SRCROOT)/../../JuceLibraryCode",
					"/Applications/Juce/modules",
					"/Applications/Juce/modules/juce_audio_plugin_client/AU",
					"$(inherited)",
				);
				INSTALL_PATH = "@executable_path/../Frameworks";
				MACOSX_DEPLOYMENT_TARGET = 10.13;
				MTL_HEADER_SEARCH_PATHS = "/Applications/Juce/modules/juce_audio_processors/format_types/VST3_SDK /Users/mahrukhali/Downloads/VST_SDK/vst3sdk $(SRCROOT)/../../JuceLibraryCode /Applications/Juce/modules /Applications/Juce/modules/juce_audio_plugin_client/AU";
				PRODUCT_BUNDLE_IDENTIFIER = com.yourcompany.pitchShift;
				PRODUCT_NAME = "pitchShift";
				SKIP_INSTALL = YES;
				USE_HEADERMAP = NO;
				VALID_ARCHS = "i386 x86_64 arm64 arm64e";
			};
			name = Debug;
		};
/* End XCBuildConfiguration section */

/* Begin XCConfigurationList section */
		3489927D87164C414529621B = {
			isa = XCConfigurationList;
			buildConfigurations = (
				F8503B647795318306E615AD,
				8E33855BBF97CD8E4E989406,
			);
			defaultConfigurationIsVisible = 0;
			defaultConfigurationName = Debug;
		};
		3C9EE03EBC8AAEA811E09B68 = {
			isa = XCConfigurationList;
			buildConfigurations = (
				27FF2E51E62033839A942855,
				CBEE21F291F2CCF68C6D571C,
			);
			defaultConfigurationIsVisible = 0;
			defaultConfigurationName = Debug;
		};
		5553896E599E2226A8606769 = {
			isa = XCConfigurationList;
			buildConfigurations = (
				01EE7A54D704E15EB4BA2514,
				9FE2776958621ED8519EFB94,
			);
			defaultConfigurationIsVisible = 0;
			defaultConfigurationName = Debug;
		};
		77603B690E7069BAABC5D0EC = {
			isa = XCConfigurationList;
			buildConfigurations = (
				B65B5BAA945FF5258830F1D0,
				B574C47BB93BF8EC4BFBD2FD,
			);
			defaultConfigurationIsVisible = 0;
			defaultConfigurationName = Debug;
		};
		CD1F272DC153F1F3C66C1F42 = {
			isa = XCConfigurationList;
			buildConfigurations = (
				A5FD3D3CD8DB5810D8E350F6,
				A0E49EF8AC874FB61B254782,
			);
			defaultConfigurationIsVisible = 0;
			defaultConfigurationName = Debug;
		};
		F48C128397F995186D05831D = {
			isa = XCConfigurationList;
			buildConfigurations = (
				25D57A635E213AA03B24A6BF,
				5EBED268694855183EFC3F2B,
			);
			defaultConfigurationIsVisible = 0;
			defaultConfigurationName = Debug;
		};
		FFE07D9A0DA47D50E323587C = {
			isa = XCConfigurationList;
			buildConfigurations = (
				5FCFFD9A16F5B473166D7547,
				5D7000FA669C84C02EF43FF5,
			);
			defaultConfigurationIsVisible = 0;
			defaultConfigurationName = Debug;
		};
/* End XCConfigurationList section */
	};
	rootObject = D1790EEF88A4E863BFC3D6DA /* Project object */;
}
